<?xml version="1.0" encoding="utf-8"?>
<Project ToolsVersion="4.0" xmlns="http://schemas.microsoft.com/developer/msbuild/2003">
  <ItemGroup>
    <Filter Include="Pliki źródłowe">
      <UniqueIdentifier>{4FC737F1-C7A5-4376-A066-2A32D752A2FF}</UniqueIdentifier>
      <Extensions>cpp;c;cc;cxx;def;odl;idl;hpj;bat;asm;asmx</Extensions>
    </Filter>
    <Filter Include="Pliki nagłówkowe">
      <UniqueIdentifier>{93995380-89BD-4b04-88EB-625FBE52EBFB}</UniqueIdentifier>
      <Extensions>h;hh;hpp;hxx;hm;inl;inc;ipp;xsd</Extensions>
    </Filter>
    <Filter Include="Pliki zasobów">
      <UniqueIdentifier>{67DA6AB6-F800-4c08-8B7A-83BB121AAD01}</UniqueIdentifier>
      <Extensions>rc;ico;cur;bmp;dlg;rc2;rct;bin;rgs;gif;jpg;jpeg;jpe;resx;tiff;tif;png;wav;mfcribbon-ms</Extensions>
    </Filter>
    <Filter Include="source">
      <UniqueIdentifier>{2e11082e-c72d-46b8-bd2c-9345e5f6a464}</UniqueIdentifier>
    </Filter>
    <Filter Include="notes">
      <UniqueIdentifier>{d9e95221-c781-4c86-bdb8-6652acfd52cd}</UniqueIdentifier>
    </Filter>
    <Filter Include="source\Collision">
      <UniqueIdentifier>{f48c0398-f520-4a49-9f5e-620c8377177b}</UniqueIdentifier>
    </Filter>
    <Filter Include="source\Equipment">
      <UniqueIdentifier>{9462d17c-57b1-42cc-932a-1adebf26debc}</UniqueIdentifier>
    </Filter>
    <Filter Include="source\Equipment\Energy">
      <UniqueIdentifier>{b38ee5af-5013-43b0-98d3-e29f6c4a8fe5}</UniqueIdentifier>
    </Filter>
    <Filter Include="source\Equipment\Energy\Battery">
      <UniqueIdentifier>{cfe9f634-7a94-4b74-afaf-a2c8219215d4}</UniqueIdentifier>
    </Filter>
    <Filter Include="source\Equipment\Energy\EnergyTank">
      <UniqueIdentifier>{0cc6fe77-4e34-451a-a0c8-c785973889b2}</UniqueIdentifier>
    </Filter>
    <Filter Include="source\Equipment\Engine">
      <UniqueIdentifier>{3652b324-b547-458a-8be8-e6f07aa81850}</UniqueIdentifier>
    </Filter>
    <Filter Include="source\Equipment\Engine\FuelBar">
      <UniqueIdentifier>{5543c16a-2b8a-4b92-9660-96af865853d0}</UniqueIdentifier>
    </Filter>
    <Filter Include="source\Equipment\Engine\FuelTank">
      <UniqueIdentifier>{dadd16d8-ccd1-4045-bbdd-a1713df93a60}</UniqueIdentifier>
    </Filter>
    <Filter Include="source\Equipment\EquipmentData">
      <UniqueIdentifier>{215a46e4-23b9-4732-b6fe-1b76210cdda0}</UniqueIdentifier>
    </Filter>
    <Filter Include="source\Equipment\Industrial">
      <UniqueIdentifier>{1fbe7c92-1ed2-4f0e-83e2-8ae5910a5b3f}</UniqueIdentifier>
    </Filter>
    <Filter Include="source\Equipment\Industrial\PowerModule">
      <UniqueIdentifier>{735f89f2-74fd-45dc-aa82-f8800d9b65ff}</UniqueIdentifier>
    </Filter>
    <Filter Include="source\Equipment\Industrial\PowerModuleType">
      <UniqueIdentifier>{2b46e87c-bfb9-47b7-8d04-973f7142dc27}</UniqueIdentifier>
    </Filter>
    <Filter Include="source\Equipment\Industrial\PowerStationData">
      <UniqueIdentifier>{de6b84ce-23fd-4f40-a1e4-aef8b73c7551}</UniqueIdentifier>
    </Filter>
    <Filter Include="source\Equipment\Lightingequipment">
      <UniqueIdentifier>{473728cb-494d-42b1-aef6-43fa67d4cf15}</UniqueIdentifier>
    </Filter>
    <Filter Include="source\Equipment\Thermodynamics">
      <UniqueIdentifier>{239eabd6-6d35-4905-9d53-f7ab9ae05c31}</UniqueIdentifier>
    </Filter>
    <Filter Include="source\Equipment\Thermodynamics\Airconditioning">
      <UniqueIdentifier>{97ca8ab4-bd5d-40f1-9754-42d864951147}</UniqueIdentifier>
    </Filter>
    <Filter Include="source\Equipment\Thermodynamics\ThermalInsulation">
      <UniqueIdentifier>{d866fe50-7d6e-4d07-82f8-d15339b9d6f4}</UniqueIdentifier>
    </Filter>
    <Filter Include="source\Equipment\Thermodynamics\Ventilator">
      <UniqueIdentifier>{a628941d-7efd-4e19-ae06-87c37679df59}</UniqueIdentifier>
    </Filter>
    <Filter Include="source\Equipment\Thermometer">
      <UniqueIdentifier>{89c1aed5-150a-4e18-9de1-2f4203c38236}</UniqueIdentifier>
    </Filter>
    <Filter Include="source\Equipment\Weapon">
      <UniqueIdentifier>{3e3c0215-17cf-47e2-a724-c516728ccf41}</UniqueIdentifier>
    </Filter>
    <Filter Include="source\Equipment\Weapon\Ammo">
      <UniqueIdentifier>{0db2ac2a-e6db-49f5-8987-92ce36058b24}</UniqueIdentifier>
    </Filter>
    <Filter Include="source\Equipment\Weapon\Ammunition">
      <UniqueIdentifier>{eb35af05-87fb-4d81-8457-a97f369ef133}</UniqueIdentifier>
    </Filter>
    <Filter Include="source\Equipment\Weapon\Gun">
      <UniqueIdentifier>{bb898ef1-1663-4237-a0da-fecebdcd37e8}</UniqueIdentifier>
    </Filter>
    <Filter Include="source\Equipment\Weapon\Gun\LockWeapon">
      <UniqueIdentifier>{4ee021f5-2dca-4157-808f-795b1d3cf5c6}</UniqueIdentifier>
    </Filter>
    <Filter Include="source\Factory">
      <UniqueIdentifier>{fc1555d8-c5e2-45a5-a9f6-c4fd2eb4d9ce}</UniqueIdentifier>
    </Filter>
    <Filter Include="source\Factory\EquipmentFactory">
      <UniqueIdentifier>{d52b6175-91ba-487b-8c35-03aaaaaae0f3}</UniqueIdentifier>
    </Filter>
    <Filter Include="source\Factory\EquipmentFactory\CommunicationFactory">
      <UniqueIdentifier>{417a5967-412d-4fe2-8d0a-80600baae349}</UniqueIdentifier>
    </Filter>
    <Filter Include="source\Factory\EquipmentFactory\EnergyFactory">
      <UniqueIdentifier>{9eb02cad-b12e-46f6-86da-213f963cb69e}</UniqueIdentifier>
    </Filter>
    <Filter Include="source\Factory\EquipmentFactory\EnergyFactory\BatteryFactory">
      <UniqueIdentifier>{3296382c-fb3b-4f43-86ca-4aaa506e4dbb}</UniqueIdentifier>
    </Filter>
    <Filter Include="source\Factory\EquipmentFactory\EnergyFactory\EnergyTankFactory">
      <UniqueIdentifier>{30969ac1-a6cc-41eb-98b2-7bc89f252228}</UniqueIdentifier>
    </Filter>
    <Filter Include="source\Factory\EquipmentFactory\EngineFactory">
      <UniqueIdentifier>{c9eae6d6-1d5f-460e-b053-9f11de60668c}</UniqueIdentifier>
    </Filter>
    <Filter Include="source\Factory\EquipmentFactory\EngineFactory\FuelBarFactory">
      <UniqueIdentifier>{1a133540-3bfb-403d-8f9a-3b1a5aaf8756}</UniqueIdentifier>
    </Filter>
    <Filter Include="source\Factory\EquipmentFactory\EngineFactory\FuelTankFactory">
      <UniqueIdentifier>{be301beb-a660-45d2-a471-fd80d65e579e}</UniqueIdentifier>
    </Filter>
    <Filter Include="source\Factory\EquipmentFactory\IndustrialFactory">
      <UniqueIdentifier>{942bacd3-8cdf-460a-ab5b-1cae1c337ef7}</UniqueIdentifier>
    </Filter>
    <Filter Include="source\Factory\EquipmentFactory\IndustrialFactory\PowerModuleFactory">
      <UniqueIdentifier>{59922853-31d7-4662-b088-a29e9ec10cbd}</UniqueIdentifier>
    </Filter>
    <Filter Include="source\Factory\EquipmentFactory\ThermodynamicsFactory">
      <UniqueIdentifier>{239b5f81-8378-408e-9d1c-ab57b92ec195}</UniqueIdentifier>
    </Filter>
    <Filter Include="source\Factory\EquipmentFactory\ThermodynamicsFactory\AirconditioningFactory">
      <UniqueIdentifier>{d8a59441-96d7-4e60-bf45-6c8d316d3c8f}</UniqueIdentifier>
    </Filter>
    <Filter Include="source\Factory\EquipmentFactory\ThermodynamicsFactory\ThermalInsulationFactory">
      <UniqueIdentifier>{cefa0103-d0c3-4382-945e-fc347dbbed35}</UniqueIdentifier>
    </Filter>
    <Filter Include="source\Factory\EquipmentFactory\ThermodynamicsFactory\VentilatorFactory">
      <UniqueIdentifier>{c18e406e-2c39-47c3-b660-07a69dff22ba}</UniqueIdentifier>
    </Filter>
    <Filter Include="source\Factory\EquipmentFactory\WeaponFactory">
      <UniqueIdentifier>{9c2a8c8c-fade-4574-900e-233cb4c02094}</UniqueIdentifier>
    </Filter>
    <Filter Include="source\Factory\EquipmentFactory\WeaponFactory\AmmoFactory">
      <UniqueIdentifier>{9645cba9-ae9a-4f05-a6bc-4be0e4139558}</UniqueIdentifier>
    </Filter>
    <Filter Include="source\Factory\EquipmentFactory\WeaponFactory\GunFactory">
      <UniqueIdentifier>{7e86c922-0b99-4518-a9d8-7997b3d76a48}</UniqueIdentifier>
    </Filter>
    <Filter Include="source\Game">
      <UniqueIdentifier>{3e63f2f1-14b2-4118-abb2-7893ecd6ac84}</UniqueIdentifier>
    </Filter>
    <Filter Include="source\Game\Listener">
      <UniqueIdentifier>{06dfc224-6a46-4ecc-8c81-9455d673a1ac}</UniqueIdentifier>
    </Filter>
    <Filter Include="source\Information">
      <UniqueIdentifier>{2f7dd9d0-45db-4ab6-b6d1-c1c5d142799f}</UniqueIdentifier>
    </Filter>
    <Filter Include="source\Logic">
      <UniqueIdentifier>{f1903d96-2417-4b10-ad0c-131fa54b4d86}</UniqueIdentifier>
    </Filter>
    <Filter Include="source\Logic\Actor">
      <UniqueIdentifier>{adf5f537-9762-467e-8790-9ed81d667119}</UniqueIdentifier>
    </Filter>
    <Filter Include="source\Logic\Actor\ActorStateData">
      <UniqueIdentifier>{e27c0f2c-c3bf-4dc8-ad51-bb0e400f1e39}</UniqueIdentifier>
    </Filter>
    <Filter Include="source\Logic\ArtificialIntelligence">
      <UniqueIdentifier>{6364618e-2500-47ce-9cb5-1951d8a7622d}</UniqueIdentifier>
    </Filter>
    <Filter Include="source\Logic\Bullet">
      <UniqueIdentifier>{7317d1d0-9765-48fc-9c1b-583c3bdf02e4}</UniqueIdentifier>
    </Filter>
    <Filter Include="source\Logic\Communication">
      <UniqueIdentifier>{0f3ccd68-1fdb-41e4-9082-f3f0db2a1f4a}</UniqueIdentifier>
    </Filter>
    <Filter Include="source\Logic\Enemy">
      <UniqueIdentifier>{635825ed-e3b6-48e9-86a1-719f39e19add}</UniqueIdentifier>
    </Filter>
    <Filter Include="source\Logic\Energetics">
      <UniqueIdentifier>{c639113c-0e2f-45ad-8c26-af86de8b692e}</UniqueIdentifier>
    </Filter>
    <Filter Include="source\Logic\Energetics\PowerRelay">
      <UniqueIdentifier>{8ba0628d-5b56-48c4-bef3-f6c3b2a8ec4d}</UniqueIdentifier>
    </Filter>
    <Filter Include="source\Logic\Energetics\RelayStationData">
      <UniqueIdentifier>{ab18b763-3744-4604-b309-529e9c5213d0}</UniqueIdentifier>
    </Filter>
    <Filter Include="source\Logic\Flora">
      <UniqueIdentifier>{9583e9e3-e909-4676-a5af-54305796924d}</UniqueIdentifier>
    </Filter>
    <Filter Include="source\Logic\Industrial">
      <UniqueIdentifier>{487f9fb8-a911-481f-9fe0-c2437e7b268b}</UniqueIdentifier>
    </Filter>
    <Filter Include="source\Logic\Industrial\PowerStation">
      <UniqueIdentifier>{653dcf47-6a81-49b3-94ca-e5ba5029c275}</UniqueIdentifier>
    </Filter>
    <Filter Include="source\Logic\Industrial\PowerStation\CoalPowerPlant">
      <UniqueIdentifier>{46210c29-2e7b-40c0-bb2c-8b046fd77800}</UniqueIdentifier>
    </Filter>
    <Filter Include="source\Logic\Industrial\PowerStation\Hydroelectric">
      <UniqueIdentifier>{32b7fa13-8135-40b4-9498-62ade3ed1923}</UniqueIdentifier>
    </Filter>
    <Filter Include="source\Logic\Industrial\PowerStation\NuclearPowerPlant">
      <UniqueIdentifier>{b1618a87-a4b3-4d5a-b50f-3f96155a5424}</UniqueIdentifier>
    </Filter>
    <Filter Include="source\Logic\Industrial\PowerStation\SolarPowerStation">
      <UniqueIdentifier>{3c8d986b-b3cc-4247-b394-1472f982d01a}</UniqueIdentifier>
    </Filter>
    <Filter Include="source\Logic\Industrial\PowerStation\SuppliedDieselPower">
      <UniqueIdentifier>{46d529c1-1087-4ce9-824b-4bec85d81a34}</UniqueIdentifier>
    </Filter>
    <Filter Include="source\Logic\Industrial\PowerStation\WindPowerStation">
      <UniqueIdentifier>{4fbeb527-0aa0-47f1-ab64-56ebf80c959e}</UniqueIdentifier>
    </Filter>
    <Filter Include="source\Logic\Monster">
      <UniqueIdentifier>{f4c40df5-5c91-4739-963f-cf3c93faf333}</UniqueIdentifier>
    </Filter>
    <Filter Include="source\Logic\Physical">
      <UniqueIdentifier>{db4a962b-b929-4189-b04a-7c6939c48a41}</UniqueIdentifier>
    </Filter>
    <Filter Include="source\Logic\Physical\PartCollisionData">
      <UniqueIdentifier>{cbfc393a-e022-44c5-8e7e-66176373e7ea}</UniqueIdentifier>
    </Filter>
    <Filter Include="source\Logic\Physical\PhysicalData">
      <UniqueIdentifier>{04e94a74-a776-43bf-b8d8-effe29f04fec}</UniqueIdentifier>
    </Filter>
    <Filter Include="source\Logic\Physical\PhysicalInfo">
      <UniqueIdentifier>{c43929c0-7d45-4307-ba60-af247b3488f4}</UniqueIdentifier>
    </Filter>
    <Filter Include="source\Logic\Player">
      <UniqueIdentifier>{8fee2e91-167e-4e57-982b-c9bd60adb2e1}</UniqueIdentifier>
    </Filter>
    <Filter Include="source\Logic\Unit">
      <UniqueIdentifier>{60f04a66-4521-4c90-b3b0-1a2e10fcfc5b}</UniqueIdentifier>
    </Filter>
    <Filter Include="source\Logic\Unit\CombatUnit">
      <UniqueIdentifier>{924758a3-cc41-4139-b8be-4e129a9a97fa}</UniqueIdentifier>
    </Filter>
    <Filter Include="source\Logic\Unit\CombatUnit\Robot">
      <UniqueIdentifier>{8251bd91-605b-47f2-86e6-4346f9bfa381}</UniqueIdentifier>
    </Filter>
    <Filter Include="source\Map">
      <UniqueIdentifier>{c1b646ca-5b95-4f8b-8636-50048a1c8430}</UniqueIdentifier>
    </Filter>
    <Filter Include="source\Map\Ground">
      <UniqueIdentifier>{52bd611d-6958-49ef-a9a1-4eb59869c5ca}</UniqueIdentifier>
    </Filter>
    <Filter Include="source\Map\Ground\PhysicsGround">
      <UniqueIdentifier>{098325b4-0904-4571-98d3-1525fb10d578}</UniqueIdentifier>
    </Filter>
    <Filter Include="source\Map\MapPhysical">
      <UniqueIdentifier>{88c89b1f-9820-4ef3-b4e6-a9cf2ad3c792}</UniqueIdentifier>
    </Filter>
    <Filter Include="source\Map\MapPhysical\GroundWork">
      <UniqueIdentifier>{cc023083-245e-4248-a2d8-00f93f178e96}</UniqueIdentifier>
    </Filter>
    <Filter Include="source\Map\MapPhysicalObject">
      <UniqueIdentifier>{9228013e-7159-46fc-90c8-63cd1a21f4a0}</UniqueIdentifier>
    </Filter>
    <Filter Include="source\Map\SceneManager">
      <UniqueIdentifier>{bee8cef7-44b4-415c-8cc8-77f9ab2d2145}</UniqueIdentifier>
    </Filter>
    <Filter Include="source\Map\SearchTools">
      <UniqueIdentifier>{bedf0c72-0732-409b-9f05-f1e095013ec8}</UniqueIdentifier>
    </Filter>
    <Filter Include="source\Map\Tile">
      <UniqueIdentifier>{42494b25-0132-4858-a56e-0931194f23c0}</UniqueIdentifier>
    </Filter>
    <Filter Include="source\Rendering">
      <UniqueIdentifier>{65076be2-1590-4254-930a-51945a09e908}</UniqueIdentifier>
    </Filter>
    <Filter Include="source\Rendering\Animated">
      <UniqueIdentifier>{75c51d89-c693-451c-b094-b133e0d29531}</UniqueIdentifier>
    </Filter>
    <Filter Include="source\Rendering\Animations">
      <UniqueIdentifier>{aef0b70f-cbfc-49f4-a773-46aab1446418}</UniqueIdentifier>
    </Filter>
    <Filter Include="source\Rendering\Camera">
      <UniqueIdentifier>{140a5d0f-8375-4f57-a694-be88496ef0df}</UniqueIdentifier>
    </Filter>
    <Filter Include="source\Rendering\Displayable">
      <UniqueIdentifier>{de51a5fc-5445-438d-abf6-5b23a57e3d0c}</UniqueIdentifier>
    </Filter>
    <Filter Include="source\Rendering\Drawable">
      <UniqueIdentifier>{194a4e3c-0725-453a-9294-14eacb0e6297}</UniqueIdentifier>
    </Filter>
    <Filter Include="source\Rendering\Particle">
      <UniqueIdentifier>{4243a95e-07da-49e4-a542-f6d7fdc638f9}</UniqueIdentifier>
    </Filter>
    <Filter Include="source\ResourceManager">
      <UniqueIdentifier>{fe57820c-2c64-40a3-b336-3828cdcd98b4}</UniqueIdentifier>
    </Filter>
    <Filter Include="source\RTTI">
      <UniqueIdentifier>{a9c70e2c-fd0c-447b-b98c-30b967c4f19a}</UniqueIdentifier>
    </Filter>
    <Filter Include="source\Universe">
      <UniqueIdentifier>{bbecb24e-eb1e-4762-b568-03d58e2962f2}</UniqueIdentifier>
    </Filter>
    <Filter Include="source\Universe\Galaxy">
      <UniqueIdentifier>{eff8caa1-aea7-45f6-aa65-b9205f7e6bae}</UniqueIdentifier>
    </Filter>
    <Filter Include="source\Universe\Galaxy\Star">
      <UniqueIdentifier>{3d69c358-5819-4368-8651-68f615781cd1}</UniqueIdentifier>
    </Filter>
    <Filter Include="source\Universe\Galaxy\Star\Planet">
      <UniqueIdentifier>{c2e9a801-8815-4df6-a8df-1456d8114114}</UniqueIdentifier>
    </Filter>
    <Filter Include="source\Universe\Galaxy\Star\Planet\Satelite">
      <UniqueIdentifier>{57961c7c-c93b-4330-8d6e-2b47f862ccbe}</UniqueIdentifier>
    </Filter>
    <Filter Include="source\Universe\Interaction">
      <UniqueIdentifier>{488dccd5-5fd6-498b-96de-de38eecc66c1}</UniqueIdentifier>
    </Filter>
    <Filter Include="source\Utilities">
      <UniqueIdentifier>{dd80883a-a4cf-4a56-ad5f-82c003f44233}</UniqueIdentifier>
    </Filter>
    <Filter Include="source\Utilities\CharsetTools">
      <UniqueIdentifier>{f787e869-ab4f-44e0-86ba-07ff9483a391}</UniqueIdentifier>
    </Filter>
    <Filter Include="source\Utilities\EntityTranslator">
      <UniqueIdentifier>{cebaa06b-2a96-4837-b312-0423cad2ac47}</UniqueIdentifier>
    </Filter>
    <Filter Include="source\Utilities\FileUtils">
      <UniqueIdentifier>{a39e5f66-252f-4040-a93a-54254d68804f}</UniqueIdentifier>
    </Filter>
    <Filter Include="source\Utilities\FileUtils\PathManager">
      <UniqueIdentifier>{10c6be86-4094-47e4-87bf-df8ed5f4a3a0}</UniqueIdentifier>
    </Filter>
    <Filter Include="source\Utilities\MathFunctions">
      <UniqueIdentifier>{0b2b79f9-7e43-49d4-b070-cfd2b338dec2}</UniqueIdentifier>
    </Filter>
    <Filter Include="source\Utilities\Memory">
      <UniqueIdentifier>{22b5822f-9bdf-4dba-88c2-d91f6fdc318f}</UniqueIdentifier>
    </Filter>
    <Filter Include="source\Utilities\Miscellaneous">
      <UniqueIdentifier>{454c52eb-3496-4a0d-a050-33b4263c1f76}</UniqueIdentifier>
    </Filter>
    <Filter Include="source\Utilities\Random">
      <UniqueIdentifier>{4b06dd0a-7ac6-4c7d-9bec-7184405810d4}</UniqueIdentifier>
    </Filter>
    <Filter Include="source\Utilities\Singleton">
      <UniqueIdentifier>{7a38e5fc-6505-4535-984e-2326fa90e2fa}</UniqueIdentifier>
    </Filter>
    <Filter Include="source\Utilities\StringUtils">
      <UniqueIdentifier>{129f68ff-4965-471a-9a56-a171ebfd6f86}</UniqueIdentifier>
    </Filter>
    <Filter Include="source\Utilities\TimeUtilities">
      <UniqueIdentifier>{8af22e2c-aa9b-45cc-9b88-93d3cc6fd973}</UniqueIdentifier>
    </Filter>
    <Filter Include="source\Utilities\Transformation">
      <UniqueIdentifier>{3f3809ac-5995-41f6-b65c-1bcbb79fd6ee}</UniqueIdentifier>
    </Filter>
    <Filter Include="source\Utilities\Translation">
      <UniqueIdentifier>{02d4e65f-2644-412a-9f77-fe5f15fbe5ab}</UniqueIdentifier>
    </Filter>
    <Filter Include="source\Utilities\Utilities">
      <UniqueIdentifier>{28f0edca-f1a9-4ad2-80f2-84e4e0c9071b}</UniqueIdentifier>
    </Filter>
    <Filter Include="source\Weather">
      <UniqueIdentifier>{2c8211f0-929b-4435-a8d4-3e4e160bab5a}</UniqueIdentifier>
    </Filter>
    <Filter Include="source\XML">
      <UniqueIdentifier>{88f65d7f-0f79-4149-b262-c307c71aa04c}</UniqueIdentifier>
    </Filter>
    <Filter Include="source\XML\RapidXML">
      <UniqueIdentifier>{3f760c3c-0bba-4ac9-ae65-cd017d5490fe}</UniqueIdentifier>
    </Filter>
    <Filter Include="source\Logic\Physics">
      <UniqueIdentifier>{c01f867b-69b8-4863-8060-a89bd042eed2}</UniqueIdentifier>
    </Filter>
    <Filter Include="source\Factory\IndustrialFactory">
      <UniqueIdentifier>{7bc1d0c7-8c7e-4c1e-af1d-4dad834d69b6}</UniqueIdentifier>
    </Filter>
    <Filter Include="source\Factory\IndustrialFactory\PowerStationFactory">
      <UniqueIdentifier>{9b2d7e5c-b07e-412d-bef4-a16c9fd9e82b}</UniqueIdentifier>
    </Filter>
    <Filter Include="source\Factory\IndustrialFactory\PowerStationFactory\PowerRelayFactory">
      <UniqueIdentifier>{d4379e1c-4037-4ef8-9d59-6fff18ec7e1f}</UniqueIdentifier>
    </Filter>
    <Filter Include="source\Factory\InformationFactory">
      <UniqueIdentifier>{20d713fd-4a0b-4b57-87c3-156b5d153df3}</UniqueIdentifier>
    </Filter>
    <Filter Include="source\Factory\MapPhysicalFactory">
      <UniqueIdentifier>{4422b8b5-4cc8-4d67-91b6-1a1370bf3b08}</UniqueIdentifier>
    </Filter>
    <Filter Include="source\Factory\EquipmentFactory\WeaponFactory\AmmunitionFactory">
      <UniqueIdentifier>{61fc957f-bf65-41cd-bc46-141f87ce510c}</UniqueIdentifier>
    </Filter>
  </ItemGroup>
  <ItemGroup>
    <ClCompile Include="source\main.cpp">
      <Filter>source</Filter>
    </ClCompile>
    <ClCompile Include="source\Logic\Physical\PhysicalCategories.cpp">
      <Filter>source\Logic\Physical</Filter>
    </ClCompile>
    <ClCompile Include="source\Rendering\Particle\CParticle.cpp">
      <Filter>source\Rendering\Particle</Filter>
    </ClCompile>
    <ClCompile Include="source\Rendering\Particle\CParticleState.cpp">
      <Filter>source\Rendering\Particle</Filter>
    </ClCompile>
    <ClCompile Include="source\ResourceManager\CFont.cpp">
      <Filter>source\ResourceManager</Filter>
    </ClCompile>
    <ClCompile Include="source\ResourceManager\CMusic.cpp">
      <Filter>source\ResourceManager</Filter>
    </ClCompile>
    <ClCompile Include="source\ResourceManager\CResourceManager.cpp">
      <Filter>source\ResourceManager</Filter>
    </ClCompile>
    <ClCompile Include="source\ResourceManager\CSound.cpp">
      <Filter>source\ResourceManager</Filter>
    </ClCompile>
    <ClCompile Include="source\ResourceManager\CTexture.cpp">
      <Filter>source\ResourceManager</Filter>
    </ClCompile>
    <ClCompile Include="source\ResourceManager\IResource.cpp">
      <Filter>source\ResourceManager</Filter>
    </ClCompile>
    <ClCompile Include="source\RTTI\RTTI.cpp">
      <Filter>source\RTTI</Filter>
    </ClCompile>
    <ClCompile Include="source\Universe\CUniverse.cpp">
      <Filter>source\Universe</Filter>
    </ClCompile>
    <ClCompile Include="source\Universe\Galaxy\CGalaxy.cpp">
      <Filter>source\Universe\Galaxy</Filter>
    </ClCompile>
    <ClCompile Include="source\Universe\Galaxy\Star\CStar.cpp">
      <Filter>source\Universe\Galaxy\Star</Filter>
    </ClCompile>
    <ClCompile Include="source\Universe\Galaxy\Star\Planet\CPlanet.cpp">
      <Filter>source\Universe\Galaxy\Star\Planet</Filter>
    </ClCompile>
    <ClCompile Include="source\Universe\Galaxy\Star\Planet\Satelite\CSatelite.cpp">
      <Filter>source\Universe\Galaxy\Star\Planet\Satelite</Filter>
    </ClCompile>
    <ClCompile Include="source\Universe\Interaction\CEntityTemperature.cpp">
      <Filter>source\Universe\Interaction</Filter>
    </ClCompile>
    <ClCompile Include="source\Universe\Interaction\CGravity.cpp">
      <Filter>source\Universe\Interaction</Filter>
    </ClCompile>
    <ClCompile Include="source\Utilities\CharsetTools\CCharSetManager.cpp">
      <Filter>source\Utilities\CharsetTools</Filter>
    </ClCompile>
    <ClCompile Include="source\Utilities\CharsetTools\CCharsetTranslator.cpp">
      <Filter>source\Utilities\CharsetTools</Filter>
    </ClCompile>
    <ClCompile Include="source\Utilities\EntityTranslator\CEntityTranslator.cpp">
      <Filter>source\Utilities\EntityTranslator</Filter>
    </ClCompile>
    <ClCompile Include="source\Utilities\FileUtils\FileUtils.cpp">
      <Filter>source\Utilities\FileUtils</Filter>
    </ClCompile>
    <ClCompile Include="source\Utilities\FileUtils\PathManager\CPathManager.cpp">
      <Filter>source\Utilities\FileUtils\PathManager</Filter>
    </ClCompile>
    <ClCompile Include="source\Utilities\MathFunctions\MathFunctions.cpp">
      <Filter>source\Utilities\MathFunctions</Filter>
    </ClCompile>
    <ClCompile Include="source\Utilities\Memory\CPool.cpp">
      <Filter>source\Utilities\Memory</Filter>
    </ClCompile>
    <ClCompile Include="source\Utilities\Memory\CPoolable.cpp">
      <Filter>source\Utilities\Memory</Filter>
    </ClCompile>
    <ClCompile Include="source\Utilities\Memory\CPoolBase.cpp">
      <Filter>source\Utilities\Memory</Filter>
    </ClCompile>
    <ClCompile Include="source\Utilities\Memory\CRefPoolable.cpp">
      <Filter>source\Utilities\Memory</Filter>
    </ClCompile>
    <ClCompile Include="source\Utilities\Memory\MemoryTests.cpp">
      <Filter>source\Utilities\Memory</Filter>
    </ClCompile>
    <ClCompile Include="source\Utilities\Miscellaneous\Float.cpp">
      <Filter>source\Utilities\Miscellaneous</Filter>
    </ClCompile>
    <ClCompile Include="source\Utilities\Miscellaneous\Integer.cpp">
      <Filter>source\Utilities\Miscellaneous</Filter>
    </ClCompile>
    <ClCompile Include="source\Utilities\Miscellaneous\Miscellaneous.cpp">
      <Filter>source\Utilities\Miscellaneous</Filter>
    </ClCompile>
    <ClCompile Include="source\Utilities\Random\CRandom.cpp">
      <Filter>source\Utilities\Random</Filter>
    </ClCompile>
    <ClCompile Include="source\Utilities\Singleton\CSingletonCleaner.cpp">
      <Filter>source\Utilities\Singleton</Filter>
    </ClCompile>
    <ClCompile Include="source\Utilities\StringUtils\StringUtils.cpp">
      <Filter>source\Utilities\StringUtils</Filter>
    </ClCompile>
    <ClCompile Include="source\Utilities\TimeUtilities\CClock.cpp">
      <Filter>source\Utilities\TimeUtilities</Filter>
    </ClCompile>
    <ClCompile Include="source\Utilities\TimeUtilities\CFPS.cpp">
      <Filter>source\Utilities\TimeUtilities</Filter>
    </ClCompile>
    <ClCompile Include="source\Utilities\Transformation\CTransformation.cpp">
      <Filter>source\Utilities\Transformation</Filter>
    </ClCompile>
    <ClCompile Include="source\Utilities\Translation\Directions.cpp">
      <Filter>source\Utilities\Translation</Filter>
    </ClCompile>
    <ClCompile Include="source\Weather\CDay.cpp">
      <Filter>source\Weather</Filter>
    </ClCompile>
    <ClCompile Include="source\Weather\CShadowEngine.cpp">
      <Filter>source\Weather</Filter>
    </ClCompile>
    <ClCompile Include="source\Weather\CTemperature.cpp">
      <Filter>source\Weather</Filter>
    </ClCompile>
    <ClCompile Include="source\Weather\CWeather.cpp">
      <Filter>source\Weather</Filter>
    </ClCompile>
    <ClCompile Include="source\Weather\CWind.cpp">
      <Filter>source\Weather</Filter>
    </ClCompile>
    <ClCompile Include="source\XML\CXml.cpp">
      <Filter>source\XML</Filter>
    </ClCompile>
    <ClCompile Include="source\Game\Game.cpp">
      <Filter>source\Game</Filter>
    </ClCompile>
    <ClCompile Include="source\Game\GameProperties.cpp">
      <Filter>source\Game</Filter>
    </ClCompile>
    <ClCompile Include="source\Equipment\Energy\Energy.cpp">
      <Filter>source\Equipment\Energy</Filter>
    </ClCompile>
    <ClCompile Include="source\Equipment\Switch.cpp">
      <Filter>source\Equipment</Filter>
    </ClCompile>
    <ClCompile Include="source\Equipment\Energy\FixedColor.cpp">
      <Filter>source\Equipment\Energy</Filter>
    </ClCompile>
    <ClCompile Include="source\Equipment\Energy\Battery\Battery.cpp">
      <Filter>source\Equipment\Energy\Battery</Filter>
    </ClCompile>
    <ClCompile Include="source\Equipment\Energy\Battery\SolarBattery.cpp">
      <Filter>source\Equipment\Energy\Battery</Filter>
    </ClCompile>
    <ClCompile Include="source\Equipment\Energy\EnergyTank\EnergyTank.cpp">
      <Filter>source\Equipment\Energy\EnergyTank</Filter>
    </ClCompile>
    <ClCompile Include="source\Equipment\Engine\Engine.cpp">
      <Filter>source\Equipment\Engine</Filter>
    </ClCompile>
    <ClCompile Include="source\Equipment\Engine\FuelTank\FuelTank.cpp">
      <Filter>source\Equipment\Engine\FuelTank</Filter>
    </ClCompile>
    <ClCompile Include="source\Equipment\Engine\FuelBar\FuelBar.cpp">
      <Filter>source\Equipment\Engine\FuelBar</Filter>
    </ClCompile>
    <ClCompile Include="source\Equipment\EquipmentData\EquipmentData.cpp">
      <Filter>source\Equipment\EquipmentData</Filter>
    </ClCompile>
    <ClCompile Include="source\Equipment\EquipmentData\EquipmentAirconditioningData.cpp">
      <Filter>source\Equipment\EquipmentData</Filter>
    </ClCompile>
    <ClCompile Include="source\Equipment\EquipmentData\ThermalInsulationData.cpp">
      <Filter>source\Equipment\EquipmentData</Filter>
    </ClCompile>
    <ClCompile Include="source\Equipment\EquipmentData\EquipmentVentilatorData.cpp">
      <Filter>source\Equipment\EquipmentData</Filter>
    </ClCompile>
    <ClCompile Include="source\Equipment\EquipmentData\EquipmentAmmoData.cpp">
      <Filter>source\Equipment\EquipmentData</Filter>
    </ClCompile>
    <ClCompile Include="source\Equipment\EquipmentData\EquipmentBatteryData.cpp">
      <Filter>source\Equipment\EquipmentData</Filter>
    </ClCompile>
    <ClCompile Include="source\Equipment\EquipmentData\EquipmentCommunicationData.cpp">
      <Filter>source\Equipment\EquipmentData</Filter>
    </ClCompile>
    <ClCompile Include="source\Equipment\EquipmentData\EquipmentEnergyData.cpp">
      <Filter>source\Equipment\EquipmentData</Filter>
    </ClCompile>
    <ClCompile Include="source\Equipment\EquipmentData\EquipmentEnergyTankData.cpp">
      <Filter>source\Equipment\EquipmentData</Filter>
    </ClCompile>
    <ClCompile Include="source\Equipment\EquipmentData\EquipmentEngineData.cpp">
      <Filter>source\Equipment\EquipmentData</Filter>
    </ClCompile>
    <ClCompile Include="source\Equipment\EquipmentData\EquipmentFuelTankData.cpp">
      <Filter>source\Equipment\EquipmentData</Filter>
    </ClCompile>
    <ClCompile Include="source\Equipment\EquipmentData\EquipmentGunData.cpp">
      <Filter>source\Equipment\EquipmentData</Filter>
    </ClCompile>
    <ClCompile Include="source\Equipment\Industrial\PowerModule\PowerModule.cpp">
      <Filter>source\Equipment\Industrial\PowerModule</Filter>
    </ClCompile>
    <ClCompile Include="source\Equipment\Industrial\PowerModuleType\SolarCell.cpp">
      <Filter>source\Equipment\Industrial\PowerModuleType</Filter>
    </ClCompile>
    <ClCompile Include="source\Equipment\Industrial\PowerModuleType\WindTurbine.cpp">
      <Filter>source\Equipment\Industrial\PowerModuleType</Filter>
    </ClCompile>
    <ClCompile Include="source\Equipment\Industrial\PowerStationData\WindTurbineData.cpp">
      <Filter>source\Equipment\Industrial\PowerStationData</Filter>
    </ClCompile>
    <ClCompile Include="source\Equipment\Lightingequipment\LightingEquipment.cpp">
      <Filter>source\Equipment\Lightingequipment</Filter>
    </ClCompile>
    <ClCompile Include="source\Equipment\Thermodynamics\Airconditioning\Airconditioning.cpp">
      <Filter>source\Equipment\Thermodynamics\Airconditioning</Filter>
    </ClCompile>
    <ClCompile Include="source\Equipment\Thermodynamics\ThermalInsulation\ThermalInsulation.cpp">
      <Filter>source\Equipment\Thermodynamics\ThermalInsulation</Filter>
    </ClCompile>
    <ClCompile Include="source\Equipment\Thermodynamics\Ventilator\Ventilator.cpp">
      <Filter>source\Equipment\Thermodynamics\Ventilator</Filter>
    </ClCompile>
    <ClCompile Include="source\Equipment\Thermometer\Thermometer.cpp">
      <Filter>source\Equipment\Thermometer</Filter>
    </ClCompile>
    <ClCompile Include="source\Equipment\Weapon\Ammo\Ammo.cpp">
      <Filter>source\Equipment\Weapon\Ammo</Filter>
    </ClCompile>
    <ClCompile Include="source\Equipment\Weapon\Ammunition\MagazineAmmunition.cpp">
      <Filter>source\Equipment\Weapon\Ammunition</Filter>
    </ClCompile>
    <ClCompile Include="source\Equipment\Weapon\Caliber.cpp">
      <Filter>source\Equipment\Weapon</Filter>
    </ClCompile>
    <ClCompile Include="source\Equipment\Weapon\Gun\LockWeapon\LockWeapon.cpp">
      <Filter>source\Equipment\Weapon\Gun\LockWeapon</Filter>
    </ClCompile>
    <ClCompile Include="source\Equipment\Weapon\Gun\Gun.cpp">
      <Filter>source\Equipment\Weapon\Gun</Filter>
    </ClCompile>
    <ClCompile Include="source\Factory\EquipmentFactory\CommunicationFactory\CommunicationTemplate.cpp">
      <Filter>source\Factory\EquipmentFactory\CommunicationFactory</Filter>
    </ClCompile>
    <ClCompile Include="source\Factory\EquipmentFactory\EnergyFactory\BatteryFactory\BatteryTemplate.cpp">
      <Filter>source\Factory\EquipmentFactory\EnergyFactory\BatteryFactory</Filter>
    </ClCompile>
    <ClCompile Include="source\Factory\EquipmentFactory\EnergyFactory\BatteryFactory\SolarBatteryTemplate.cpp">
      <Filter>source\Factory\EquipmentFactory\EnergyFactory\BatteryFactory</Filter>
    </ClCompile>
    <ClCompile Include="source\Factory\EquipmentFactory\EnergyFactory\EnergyTankFactory\EnergyTankTemplate.cpp">
      <Filter>source\Factory\EquipmentFactory\EnergyFactory\EnergyTankFactory</Filter>
    </ClCompile>
    <ClCompile Include="source\Factory\EquipmentFactory\EnergyFactory\EnergyTemplate.cpp">
      <Filter>source\Factory\EquipmentFactory\EnergyFactory</Filter>
    </ClCompile>
    <ClCompile Include="source\Factory\EquipmentFactory\EngineFactory\FuelBarFactory\FuelBarTemplate.cpp">
      <Filter>source\Factory\EquipmentFactory\EngineFactory\FuelBarFactory</Filter>
    </ClCompile>
    <ClCompile Include="source\Factory\EquipmentFactory\EngineFactory\FuelTankFactory\FuelTankTemplate.cpp">
      <Filter>source\Factory\EquipmentFactory\EngineFactory\FuelTankFactory</Filter>
    </ClCompile>
    <ClCompile Include="source\Factory\EquipmentFactory\EngineFactory\EngineTemplate.cpp">
      <Filter>source\Factory\EquipmentFactory\EngineFactory</Filter>
    </ClCompile>
    <ClCompile Include="source\Factory\EquipmentFactory\IndustrialFactory\PowerModuleFactory\SolarCellTemplate.cpp">
      <Filter>source\Factory\EquipmentFactory\IndustrialFactory\PowerModuleFactory</Filter>
    </ClCompile>
    <ClCompile Include="source\Factory\EquipmentFactory\IndustrialFactory\PowerModuleFactory\WindTurbineTemplate.cpp">
      <Filter>source\Factory\EquipmentFactory\IndustrialFactory\PowerModuleFactory</Filter>
    </ClCompile>
    <ClCompile Include="source\Factory\EquipmentFactory\ThermodynamicsFactory\AirconditioningFactory\AirconditioningTemplate.cpp">
      <Filter>source\Factory\EquipmentFactory\ThermodynamicsFactory\AirconditioningFactory</Filter>
    </ClCompile>
    <ClCompile Include="source\Factory\EquipmentFactory\ThermodynamicsFactory\ThermalInsulationFactory\ThermalInsulationTemplate.cpp">
      <Filter>source\Factory\EquipmentFactory\ThermodynamicsFactory\ThermalInsulationFactory</Filter>
    </ClCompile>
    <ClCompile Include="source\Factory\EquipmentFactory\ThermodynamicsFactory\VentilatorFactory\VentilatorTemplate.cpp">
      <Filter>source\Factory\EquipmentFactory\ThermodynamicsFactory\VentilatorFactory</Filter>
    </ClCompile>
    <ClCompile Include="source\Factory\EquipmentFactory\WeaponFactory\AmmoFactory\AmmoTemplate.cpp">
      <Filter>source\Factory\EquipmentFactory\WeaponFactory\AmmoFactory</Filter>
    </ClCompile>
    <ClCompile Include="source\Factory\EquipmentFactory\WeaponFactory\GunFactory\GunTemplate.cpp">
      <Filter>source\Factory\EquipmentFactory\WeaponFactory\GunFactory</Filter>
    </ClCompile>
    <ClCompile Include="source\Factory\EquipmentFactory\WeaponFactory\AmmunitionFactory\MagazineAmmunitionTemplate.cpp">
      <Filter>source\Factory\EquipmentFactory\WeaponFactory\AmmunitionFactory</Filter>
    </ClCompile>
    <ClCompile Include="source\Factory\IndustrialFactory\PowerStationFactory\PowerRelayFactory\PowerRelayStationTemplate.cpp">
      <Filter>source\Factory\IndustrialFactory\PowerStationFactory\PowerRelayFactory</Filter>
    </ClCompile>
    <ClCompile Include="source\Factory\IndustrialFactory\PowerStationFactory\PowerRelayFactory\RelayStationTemplate.cpp">
      <Filter>source\Factory\IndustrialFactory\PowerStationFactory\PowerRelayFactory</Filter>
    </ClCompile>
    <ClCompile Include="source\Factory\IndustrialFactory\PowerStationFactory\PowerRelayFactory\SlotsRateTemplate.cpp">
      <Filter>source\Factory\IndustrialFactory\PowerStationFactory\PowerRelayFactory</Filter>
    </ClCompile>
    <ClCompile Include="source\Factory\IndustrialFactory\PowerStationFactory\PowerStationTemplate.cpp">
      <Filter>source\Factory\IndustrialFactory\PowerStationFactory</Filter>
    </ClCompile>
    <ClCompile Include="source\Factory\IndustrialFactory\PowerStationFactory\WindPowerStationMultipledTemplate.cpp">
      <Filter>source\Factory\IndustrialFactory\PowerStationFactory</Filter>
    </ClCompile>
    <ClCompile Include="source\Factory\IndustrialFactory\PowerStationFactory\WindPowerStationTemplate.cpp">
      <Filter>source\Factory\IndustrialFactory\PowerStationFactory</Filter>
    </ClCompile>
    <ClCompile Include="source\Factory\InformationFactory\InformationTemplate.cpp">
      <Filter>source\Factory\InformationFactory</Filter>
    </ClCompile>
    <ClCompile Include="source\Factory\InformationFactory\PresentationTemplate.cpp">
      <Filter>source\Factory\InformationFactory</Filter>
    </ClCompile>
    <ClCompile Include="source\Factory\MapPhysicalFactory\GroundTemplate.cpp">
      <Filter>source\Factory\MapPhysicalFactory</Filter>
    </ClCompile>
    <ClCompile Include="source\Factory\MapPhysicalFactory\GroundWorkTemplate.cpp">
      <Filter>source\Factory\MapPhysicalFactory</Filter>
    </ClCompile>
    <ClCompile Include="source\Factory\MapPhysicalFactory\MapPhysicalTemplate.cpp">
      <Filter>source\Factory\MapPhysicalFactory</Filter>
    </ClCompile>
    <ClCompile Include="source\Factory\ActorTemplate.cpp">
      <Filter>source\Factory</Filter>
    </ClCompile>
    <ClCompile Include="source\Factory\BulletTemplate.cpp">
      <Filter>source\Factory</Filter>
    </ClCompile>
    <ClCompile Include="source\Factory\EnemyTemplate.cpp">
      <Filter>source\Factory</Filter>
    </ClCompile>
    <ClCompile Include="source\Factory\FloraTemplate.cpp">
      <Filter>source\Factory</Filter>
    </ClCompile>
    <ClCompile Include="source\Factory\MonsterTemplate.cpp">
      <Filter>source\Factory</Filter>
    </ClCompile>
    <ClCompile Include="source\Factory\PhysicalInfoTemplate.cpp">
      <Filter>source\Factory</Filter>
    </ClCompile>
    <ClCompile Include="source\Factory\PhysicalTemplate.cpp">
      <Filter>source\Factory</Filter>
    </ClCompile>
    <ClCompile Include="source\Factory\PlayerTemplate.cpp">
      <Filter>source\Factory</Filter>
    </ClCompile>
    <ClCompile Include="source\Factory\RobotTemplate.cpp">
      <Filter>source\Factory</Filter>
    </ClCompile>
    <ClCompile Include="source\Information\InfoManager.cpp">
      <Filter>source\Information</Filter>
    </ClCompile>
    <ClCompile Include="source\Information\BaseInformation.cpp">
      <Filter>source\Information</Filter>
    </ClCompile>
    <ClCompile Include="source\Information\Information.cpp">
      <Filter>source\Information</Filter>
    </ClCompile>
    <ClCompile Include="source\Information\Presentation.cpp">
      <Filter>source\Information</Filter>
    </ClCompile>
    <ClCompile Include="source\Logic\Actor\ActorStateData\ActorStateData.cpp">
      <Filter>source\Logic\Actor\ActorStateData</Filter>
    </ClCompile>
    <ClCompile Include="source\Logic\Actor\ActorController.cpp">
      <Filter>source\Logic\Actor</Filter>
    </ClCompile>
    <ClCompile Include="source\Logic\Actor\Actor.cpp">
      <Filter>source\Logic\Actor</Filter>
    </ClCompile>
    <ClCompile Include="source\Logic\ArtificialIntelligence\ActorAI.cpp">
      <Filter>source\Logic\ArtificialIntelligence</Filter>
    </ClCompile>
    <ClCompile Include="source\Logic\ArtificialIntelligence\ActorAIData.cpp">
      <Filter>source\Logic\ArtificialIntelligence</Filter>
    </ClCompile>
    <ClCompile Include="source\Logic\Bullet\Bullet.cpp">
      <Filter>source\Logic\Bullet</Filter>
    </ClCompile>
    <ClCompile Include="source\Logic\Communication\Communication.cpp">
      <Filter>source\Logic\Communication</Filter>
    </ClCompile>
    <ClCompile Include="source\Logic\Communication\Login.cpp">
      <Filter>source\Logic\Communication</Filter>
    </ClCompile>
    <ClCompile Include="source\Logic\Communication\Receiver.cpp">
      <Filter>source\Logic\Communication</Filter>
    </ClCompile>
    <ClCompile Include="source\Logic\Communication\Transmitter.cpp">
      <Filter>source\Logic\Communication</Filter>
    </ClCompile>
    <ClCompile Include="source\Logic\Enemy\Enemy.cpp">
      <Filter>source\Logic\Enemy</Filter>
    </ClCompile>
    <ClCompile Include="source\Logic\Energetics\PowerRelay\PowerRelayStation.cpp">
      <Filter>source\Logic\Energetics\PowerRelay</Filter>
    </ClCompile>
    <ClCompile Include="source\Logic\Energetics\PowerRelay\RelayStation.cpp">
      <Filter>source\Logic\Energetics\PowerRelay</Filter>
    </ClCompile>
    <ClCompile Include="source\Logic\Energetics\PowerRelay\SlotsRate.cpp">
      <Filter>source\Logic\Energetics\PowerRelay</Filter>
    </ClCompile>
    <ClCompile Include="source\Logic\Energetics\RelayStationData\SlotsRateData.cpp">
      <Filter>source\Logic\Energetics\RelayStationData</Filter>
    </ClCompile>
    <ClCompile Include="source\Logic\Flora\Flora.cpp">
      <Filter>source\Logic\Flora</Filter>
    </ClCompile>
    <ClCompile Include="source\Logic\Industrial\PowerStation\CoalPowerPlant\CoalPowerPlant.cpp">
      <Filter>source\Logic\Industrial\PowerStation\CoalPowerPlant</Filter>
    </ClCompile>
    <ClCompile Include="source\Logic\Industrial\PowerStation\Hydroelectric\Hydroelectric.cpp">
      <Filter>source\Logic\Industrial\PowerStation\Hydroelectric</Filter>
    </ClCompile>
    <ClCompile Include="source\Logic\Industrial\PowerStation\NuclearPowerPlant\NuclearPowerPlant.cpp">
      <Filter>source\Logic\Industrial\PowerStation\NuclearPowerPlant</Filter>
    </ClCompile>
    <ClCompile Include="source\Logic\Industrial\PowerStation\SolarPowerStation\SolarPowerStation.cpp">
      <Filter>source\Logic\Industrial\PowerStation\SolarPowerStation</Filter>
    </ClCompile>
    <ClCompile Include="source\Logic\Industrial\PowerStation\SuppliedDieselPower\SuppliedDieselPower.cpp">
      <Filter>source\Logic\Industrial\PowerStation\SuppliedDieselPower</Filter>
    </ClCompile>
    <ClCompile Include="source\Logic\Industrial\PowerStation\WindPowerStation\WindPowerStation.cpp">
      <Filter>source\Logic\Industrial\PowerStation\WindPowerStation</Filter>
    </ClCompile>
    <ClCompile Include="source\Logic\Industrial\PowerStation\WindPowerStation\WindPowerStationMultipled.cpp">
      <Filter>source\Logic\Industrial\PowerStation\WindPowerStation</Filter>
    </ClCompile>
    <ClCompile Include="source\Logic\Industrial\PowerStation\PowerStation.cpp">
      <Filter>source\Logic\Industrial\PowerStation</Filter>
    </ClCompile>
    <ClCompile Include="source\Logic\Monster\Monster.cpp">
      <Filter>source\Logic\Monster</Filter>
    </ClCompile>
    <ClCompile Include="source\Logic\Physical\PartCollisionData\PartCollisionData.cpp">
      <Filter>source\Logic\Physical\PartCollisionData</Filter>
    </ClCompile>
    <ClCompile Include="source\Logic\Physical\PhysicalData\PhysicalData.cpp">
      <Filter>source\Logic\Physical\PhysicalData</Filter>
    </ClCompile>
    <ClCompile Include="source\Logic\Physical\PhysicalInfo\PhysicalInfo.cpp">
      <Filter>source\Logic\Physical\PhysicalInfo</Filter>
    </ClCompile>
    <ClCompile Include="source\Logic\Physical\Physical.cpp">
      <Filter>source\Logic\Physical</Filter>
    </ClCompile>
    <ClCompile Include="source\Logic\Physics\ActorTechnicalData.cpp">
      <Filter>source\Logic\Physics</Filter>
    </ClCompile>
    <ClCompile Include="source\Logic\Physics\PhysicsData.cpp">
      <Filter>source\Logic\Physics</Filter>
    </ClCompile>
    <ClCompile Include="source\Logic\Player\Player.cpp">
      <Filter>source\Logic\Player</Filter>
    </ClCompile>
    <ClCompile Include="source\Logic\Unit\CombatUnit\CombatUnit.cpp">
      <Filter>source\Logic\Unit\CombatUnit</Filter>
    </ClCompile>
    <ClCompile Include="source\Logic\Unit\CombatUnit\Robot\Robot.cpp">
      <Filter>source\Logic\Unit\CombatUnit\Robot</Filter>
    </ClCompile>
    <ClCompile Include="source\Logic\Unit\StrategyController.cpp">
      <Filter>source\Logic\Unit</Filter>
    </ClCompile>
    <ClCompile Include="source\Logic\Unit\StrategyDuration.cpp">
      <Filter>source\Logic\Unit</Filter>
    </ClCompile>
    <ClCompile Include="source\Logic\Unit\Unit.cpp">
      <Filter>source\Logic\Unit</Filter>
    </ClCompile>
    <ClCompile Include="source\Logic\Logic.cpp">
      <Filter>source\Logic</Filter>
    </ClCompile>
    <ClCompile Include="source\Logic\MapPhysicalManager.cpp">
      <Filter>source\Logic</Filter>
    </ClCompile>
    <ClCompile Include="source\Logic\PhysicalManager.cpp">
      <Filter>source\Logic</Filter>
    </ClCompile>
    <ClCompile Include="source\Map\Ground\PhysicsGround\PhysicsGround.cpp">
      <Filter>source\Map\Ground\PhysicsGround</Filter>
    </ClCompile>
    <ClCompile Include="source\Map\Ground\Ground.cpp">
      <Filter>source\Map\Ground</Filter>
    </ClCompile>
    <ClCompile Include="source\Map\MapPhysical\GroundWork\GroundWork.cpp">
      <Filter>source\Map\MapPhysical\GroundWork</Filter>
    </ClCompile>
    <ClCompile Include="source\Map\MapPhysical\GroundWork\GroundWorkCollision.cpp">
      <Filter>source\Map\MapPhysical\GroundWork</Filter>
    </ClCompile>
    <ClCompile Include="source\Map\MapPhysical\MapPhysical.cpp">
      <Filter>source\Map\MapPhysical</Filter>
    </ClCompile>
    <ClCompile Include="source\Map\MapPhysical\MapPhysicalDescriptor.cpp">
      <Filter>source\Map\MapPhysical</Filter>
    </ClCompile>
    <ClCompile Include="source\Map\MapPhysical\MapPhysicalType.cpp">
      <Filter>source\Map\MapPhysical</Filter>
    </ClCompile>
    <ClCompile Include="source\Map\MapPhysicalObject\MapObjectDescriptor.cpp">
      <Filter>source\Map\MapPhysicalObject</Filter>
    </ClCompile>
    <ClCompile Include="source\Map\MapPhysicalObject\MapObjectType.cpp">
      <Filter>source\Map\MapPhysicalObject</Filter>
    </ClCompile>
    <ClCompile Include="source\Map\SceneManager\Quadtree.cpp">
      <Filter>source\Map\SceneManager</Filter>
    </ClCompile>
    <ClCompile Include="source\Map\SearchTools\Waypoint.cpp">
      <Filter>source\Map\SearchTools</Filter>
    </ClCompile>
    <ClCompile Include="source\Map\SearchTools\WaypointCell.cpp">
      <Filter>source\Map\SearchTools</Filter>
    </ClCompile>
    <ClCompile Include="source\Map\SearchTools\WaypointPriorityQueue.cpp">
      <Filter>source\Map\SearchTools</Filter>
    </ClCompile>
    <ClCompile Include="source\Map\Tile\MapTileType.cpp">
      <Filter>source\Map\Tile</Filter>
    </ClCompile>
    <ClCompile Include="source\Map\Tile\Tile.cpp">
      <Filter>source\Map\Tile</Filter>
    </ClCompile>
    <ClCompile Include="source\Map\Cell.cpp">
      <Filter>source\Map</Filter>
    </ClCompile>
    <ClCompile Include="source\Map\CollisionMap.cpp">
      <Filter>source\Map</Filter>
    </ClCompile>
    <ClCompile Include="source\Map\DoodahDescriptor.cpp">
      <Filter>source\Map</Filter>
    </ClCompile>
    <ClCompile Include="source\Map\DynamicRegion.cpp">
      <Filter>source\Map</Filter>
    </ClCompile>
    <ClCompile Include="source\Map\DynamicRegionsGenerator.cpp">
      <Filter>source\Map</Filter>
    </ClCompile>
    <ClCompile Include="source\Map\MapPhysicalHeader.cpp">
      <Filter>source\Map</Filter>
    </ClCompile>
    <ClCompile Include="source\Map\MapManager.cpp">
      <Filter>source\Map</Filter>
    </ClCompile>
    <ClCompile Include="source\Map\Map.cpp">
      <Filter>source\Map</Filter>
    </ClCompile>
    <ClCompile Include="source\Rendering\Animated\Animated.cpp">
      <Filter>source\Rendering\Animated</Filter>
    </ClCompile>
    <ClCompile Include="source\Rendering\Animated\AnimatedAnimation.cpp">
      <Filter>source\Rendering\Animated</Filter>
    </ClCompile>
    <ClCompile Include="source\Rendering\Displayable\Texture.cpp">
      <Filter>source\Rendering\Displayable</Filter>
    </ClCompile>
    <ClCompile Include="source\Rendering\Animated\AnimatedFrame.cpp">
      <Filter>source\Rendering\Animated</Filter>
    </ClCompile>
    <ClCompile Include="source\Rendering\Animations\Animation.cpp">
      <Filter>source\Rendering\Animations</Filter>
    </ClCompile>
    <ClCompile Include="source\Rendering\Animations\AnimationFrame.cpp">
      <Filter>source\Rendering\Animations</Filter>
    </ClCompile>
    <ClCompile Include="source\Rendering\Animations\AnimationManager.cpp">
      <Filter>source\Rendering\Animations</Filter>
    </ClCompile>
    <ClCompile Include="source\Rendering\Animations\AnimationState.cpp">
      <Filter>source\Rendering\Animations</Filter>
    </ClCompile>
    <ClCompile Include="source\Rendering\Animations\AnimSet.cpp">
      <Filter>source\Rendering\Animations</Filter>
    </ClCompile>
    <ClCompile Include="source\Rendering\Animations\NameAnimPairTranslator.cpp">
      <Filter>source\Rendering\Animations</Filter>
    </ClCompile>
    <ClCompile Include="source\Rendering\Animations\TimedAnimationFrame.cpp">
      <Filter>source\Rendering\Animations</Filter>
    </ClCompile>
    <ClCompile Include="source\Rendering\Displayable\Bar.cpp">
      <Filter>source\Rendering\Displayable</Filter>
    </ClCompile>
    <ClCompile Include="source\Rendering\Displayable\ClippedSprite.cpp">
      <Filter>source\Rendering\Displayable</Filter>
    </ClCompile>
    <ClCompile Include="source\Rendering\Displayable\HudSprite.cpp">
      <Filter>source\Rendering\Displayable</Filter>
    </ClCompile>
    <ClCompile Include="source\Rendering\Displayable\HudStaticText.cpp">
      <Filter>source\Rendering\Displayable</Filter>
    </ClCompile>
    <ClCompile Include="source\Rendering\Displayable\TextHeadUpDisplay.cpp">
      <Filter>source\Rendering\Displayable</Filter>
    </ClCompile>
    <ClCompile Include="source\Rendering\Displayable\Rectangle.cpp">
      <Filter>source\Rendering\Displayable</Filter>
    </ClCompile>
    <ClCompile Include="source\Rendering\Displayable\Sprite.cpp">
      <Filter>source\Rendering\Displayable</Filter>
    </ClCompile>
    <ClCompile Include="source\Rendering\Displayable\Displayable.cpp">
      <Filter>source\Rendering\Displayable</Filter>
    </ClCompile>
    <ClCompile Include="source\Rendering\Drawable\Drawable.cpp">
      <Filter>source\Rendering\Drawable</Filter>
    </ClCompile>
    <ClCompile Include="source\Rendering\Drawable\DrawableManager.cpp">
      <Filter>source\Rendering\Drawable</Filter>
    </ClCompile>
  </ItemGroup>
  <ItemGroup>
    <Text Include="notes\notes.txt">
      <Filter>notes</Filter>
    </Text>
  </ItemGroup>
  <ItemGroup>
    <ClInclude Include="source\Equipment\Energy\EEnergyState.h">
      <Filter>source\Equipment\Energy</Filter>
    </ClInclude>
    <ClInclude Include="source\Equipment\Energy\Battery\EBatteryState.h">
      <Filter>source\Equipment\Energy\Battery</Filter>
    </ClInclude>
    <ClInclude Include="source\Equipment\Energy\EnergyTank\EEnergyTankState.h">
      <Filter>source\Equipment\Energy\EnergyTank</Filter>
    </ClInclude>
    <ClInclude Include="source\Equipment\Engine\EEngineState.h">
      <Filter>source\Equipment\Engine</Filter>
    </ClInclude>
    <ClInclude Include="source\Equipment\Engine\FuelTank\EFuelTankState.h">
      <Filter>source\Equipment\Engine\FuelTank</Filter>
    </ClInclude>
    <ClInclude Include="source\Equipment\Industrial\PowerModuleType\ESolarCellState.h">
      <Filter>source\Equipment\Industrial\PowerModuleType</Filter>
    </ClInclude>
    <ClInclude Include="source\Equipment\Industrial\PowerModuleType\ETurbineState.h">
      <Filter>source\Equipment\Industrial\PowerModuleType</Filter>
    </ClInclude>
    <ClInclude Include="source\Equipment\Lightingequipment\ELightingEquipmentState.h">
      <Filter>source\Equipment\Lightingequipment</Filter>
    </ClInclude>
    <ClInclude Include="source\Equipment\Thermodynamics\Airconditioning\EAirconditioningState.h">
      <Filter>source\Equipment\Thermodynamics\Airconditioning</Filter>
    </ClInclude>
    <ClInclude Include="source\Equipment\Thermodynamics\ThermalInsulation\EThermalInsulationState.h">
      <Filter>source\Equipment\Thermodynamics\ThermalInsulation</Filter>
    </ClInclude>
    <ClInclude Include="source\Equipment\Thermodynamics\Ventilator\EVentilatorState.h">
      <Filter>source\Equipment\Thermodynamics\Ventilator</Filter>
    </ClInclude>
    <ClInclude Include="source\Equipment\Thermometer\EDisplayType.h">
      <Filter>source\Equipment\Thermometer</Filter>
    </ClInclude>
    <ClInclude Include="source\Equipment\Weapon\Ammo\EAmmoState.h">
      <Filter>source\Equipment\Weapon\Ammo</Filter>
    </ClInclude>
    <ClInclude Include="source\Equipment\Weapon\ECaliber.h">
      <Filter>source\Equipment\Weapon</Filter>
    </ClInclude>
    <ClInclude Include="source\Equipment\Weapon\EGunState.h">
      <Filter>source\Equipment\Weapon</Filter>
    </ClInclude>
    <ClInclude Include="source\Game\Listener\IFrameListener.h">
      <Filter>source\Game\Listener</Filter>
    </ClInclude>
    <ClInclude Include="source\Game\Listener\IKeyListener.h">
      <Filter>source\Game\Listener</Filter>
    </ClInclude>
    <ClInclude Include="source\Game\Listener\IMouseListener.h">
      <Filter>source\Game\Listener</Filter>
    </ClInclude>
    <ClInclude Include="source\Logic\Actor\EActorBasicState.h">
      <Filter>source\Logic\Actor</Filter>
    </ClInclude>
    <ClInclude Include="source\Logic\Actor\EActorMoveState.h">
      <Filter>source\Logic\Actor</Filter>
    </ClInclude>
    <ClInclude Include="source\Logic\Actor\EActorSpawnState.h">
      <Filter>source\Logic\Actor</Filter>
    </ClInclude>
    <ClInclude Include="source\Logic\ArtificialIntelligence\CAIScheme.h">
      <Filter>source\Logic\ArtificialIntelligence</Filter>
    </ClInclude>
    <ClInclude Include="source\Logic\Communication\ECommunicationState.h">
      <Filter>source\Logic\Communication</Filter>
    </ClInclude>
    <ClInclude Include="source\Logic\Communication\ENetworking.h">
      <Filter>source\Logic\Communication</Filter>
    </ClInclude>
    <ClInclude Include="source\Logic\Energetics\PowerRelay\EPowerRelayStationState.h">
      <Filter>source\Logic\Energetics\PowerRelay</Filter>
    </ClInclude>
    <ClInclude Include="source\Logic\Industrial\PowerStation\EWindPowerStationState.h">
      <Filter>source\Logic\Industrial\PowerStation</Filter>
    </ClInclude>
    <ClInclude Include="source\Logic\Physical\ECollisionShape.h">
      <Filter>source\Logic\Physical</Filter>
    </ClInclude>
    <ClInclude Include="source\Logic\Physical\EPhysicalPart.h">
      <Filter>source\Logic\Physical</Filter>
    </ClInclude>
    <ClInclude Include="source\Logic\Physical\PhysicalCategories.h">
      <Filter>source\Logic\Physical</Filter>
    </ClInclude>
    <ClInclude Include="source\Logic\Unit\CombatUnit\Robot\ERobotState.h">
      <Filter>source\Logic\Unit\CombatUnit\Robot</Filter>
    </ClInclude>
    <ClInclude Include="source\Logic\Unit\EStrategyState.h">
      <Filter>source\Logic\Unit</Filter>
    </ClInclude>
    <ClInclude Include="source\Logic\EEnemyAttitude.h">
      <Filter>source\Logic</Filter>
    </ClInclude>
    <ClInclude Include="source\Logic\EEnemyState.h">
      <Filter>source\Logic</Filter>
    </ClInclude>
    <ClInclude Include="source\Map\MapHeader.h">
      <Filter>source\Map</Filter>
    </ClInclude>
    <ClInclude Include="source\Rendering\Animations\EAnimHandler.h">
      <Filter>source\Rendering\Animations</Filter>
    </ClInclude>
    <ClInclude Include="source\Rendering\Drawable\Layers.h">
      <Filter>source\Rendering\Drawable</Filter>
    </ClInclude>
    <ClInclude Include="source\Rendering\Particle\CParticle.h">
      <Filter>source\Rendering\Particle</Filter>
    </ClInclude>
    <ClInclude Include="source\Rendering\Particle\CParticleState.h">
      <Filter>source\Rendering\Particle</Filter>
    </ClInclude>
    <ClInclude Include="source\ResourceManager\CFont.h">
      <Filter>source\ResourceManager</Filter>
    </ClInclude>
    <ClInclude Include="source\ResourceManager\CMusic.h">
      <Filter>source\ResourceManager</Filter>
    </ClInclude>
    <ClInclude Include="source\ResourceManager\CResourceManager.h">
      <Filter>source\ResourceManager</Filter>
    </ClInclude>
    <ClInclude Include="source\ResourceManager\CSound.h">
      <Filter>source\ResourceManager</Filter>
    </ClInclude>
    <ClInclude Include="source\ResourceManager\CTexture.h">
      <Filter>source\ResourceManager</Filter>
    </ClInclude>
    <ClInclude Include="source\ResourceManager\IResource.h">
      <Filter>source\ResourceManager</Filter>
    </ClInclude>
    <ClInclude Include="source\RTTI\RTTI.h">
      <Filter>source\RTTI</Filter>
    </ClInclude>
    <ClInclude Include="source\Universe\CUniverse.h">
      <Filter>source\Universe</Filter>
    </ClInclude>
    <ClInclude Include="source\Universe\Galaxy\CGalaxy.h">
      <Filter>source\Universe\Galaxy</Filter>
    </ClInclude>
    <ClInclude Include="source\Universe\Galaxy\Star\CStar.h">
      <Filter>source\Universe\Galaxy\Star</Filter>
    </ClInclude>
    <ClInclude Include="source\Universe\Galaxy\Star\Planet\CPlanet.h">
      <Filter>source\Universe\Galaxy\Star\Planet</Filter>
    </ClInclude>
    <ClInclude Include="source\Universe\Galaxy\Star\Planet\Satelite\CSatelite.h">
      <Filter>source\Universe\Galaxy\Star\Planet\Satelite</Filter>
    </ClInclude>
    <ClInclude Include="source\Universe\Interaction\CGravity.h">
      <Filter>source\Universe\Interaction</Filter>
    </ClInclude>
    <ClInclude Include="source\Universe\Interaction\CEntityTemperature.h">
      <Filter>source\Universe\Interaction</Filter>
    </ClInclude>
    <ClInclude Include="source\Utilities\CharsetTools\CCharSetManager.h">
      <Filter>source\Utilities\CharsetTools</Filter>
    </ClInclude>
    <ClInclude Include="source\Utilities\CharsetTools\CCharsetTranslator.h">
      <Filter>source\Utilities\CharsetTools</Filter>
    </ClInclude>
    <ClInclude Include="source\Utilities\EntityTranslator\CEntityTranslator.h">
      <Filter>source\Utilities\EntityTranslator</Filter>
    </ClInclude>
    <ClInclude Include="source\Utilities\FileUtils\FileUtils.h">
      <Filter>source\Utilities\FileUtils</Filter>
    </ClInclude>
    <ClInclude Include="source\Utilities\FileUtils\PathManager\CPathManager.h">
      <Filter>source\Utilities\FileUtils\PathManager</Filter>
    </ClInclude>
    <ClInclude Include="source\Utilities\MathFunctions\MathFunctions.h">
      <Filter>source\Utilities\MathFunctions</Filter>
    </ClInclude>
    <ClInclude Include="source\Utilities\Memory\CPool.h">
      <Filter>source\Utilities\Memory</Filter>
    </ClInclude>
    <ClInclude Include="source\Utilities\Memory\CPoolable.h">
      <Filter>source\Utilities\Memory</Filter>
    </ClInclude>
    <ClInclude Include="source\Utilities\Memory\CPoolBase.h">
      <Filter>source\Utilities\Memory</Filter>
    </ClInclude>
    <ClInclude Include="source\Utilities\Memory\CRefPoolable.h">
      <Filter>source\Utilities\Memory</Filter>
    </ClInclude>
    <ClInclude Include="source\Utilities\Memory\CSafePtr.h">
      <Filter>source\Utilities\Memory</Filter>
    </ClInclude>
    <ClInclude Include="source\Utilities\Memory\CSafePtrable.h">
      <Filter>source\Utilities\Memory</Filter>
    </ClInclude>
    <ClInclude Include="source\Utilities\Memory\MemoryTests.h">
      <Filter>source\Utilities\Memory</Filter>
    </ClInclude>
    <ClInclude Include="source\Utilities\Memory\RefCntPtr.h">
      <Filter>source\Utilities\Memory</Filter>
    </ClInclude>
    <ClInclude Include="source\Utilities\Miscellaneous\Float.h">
      <Filter>source\Utilities\Miscellaneous</Filter>
    </ClInclude>
    <ClInclude Include="source\Utilities\Miscellaneous\Integer.h">
      <Filter>source\Utilities\Miscellaneous</Filter>
    </ClInclude>
    <ClInclude Include="source\Utilities\Miscellaneous\Miscellaneous.h">
      <Filter>source\Utilities\Miscellaneous</Filter>
    </ClInclude>
    <ClInclude Include="source\Utilities\Random\CRandom.h">
      <Filter>source\Utilities\Random</Filter>
    </ClInclude>
    <ClInclude Include="source\Utilities\Singleton\CSingleton.h">
      <Filter>source\Utilities\Singleton</Filter>
    </ClInclude>
    <ClInclude Include="source\Utilities\Singleton\CSingletonCleaner.h">
      <Filter>source\Utilities\Singleton</Filter>
    </ClInclude>
    <ClInclude Include="source\Utilities\Singleton\ICleanupable.h">
      <Filter>source\Utilities\Singleton</Filter>
    </ClInclude>
    <ClInclude Include="source\Utilities\StringUtils\StringUtils.h">
      <Filter>source\Utilities\StringUtils</Filter>
    </ClInclude>
    <ClInclude Include="source\Utilities\TimeUtilities\CClock.h">
      <Filter>source\Utilities\TimeUtilities</Filter>
    </ClInclude>
    <ClInclude Include="source\Utilities\TimeUtilities\CFPS.h">
      <Filter>source\Utilities\TimeUtilities</Filter>
    </ClInclude>
    <ClInclude Include="source\Utilities\TimeUtilities\CPausableClock.h">
      <Filter>source\Utilities\TimeUtilities</Filter>
    </ClInclude>
    <ClInclude Include="source\Utilities\Transformation\CTransformation.h">
      <Filter>source\Utilities\Transformation</Filter>
    </ClInclude>
    <ClInclude Include="source\Utilities\Translation\Directions.h">
      <Filter>source\Utilities\Translation</Filter>
    </ClInclude>
    <ClInclude Include="source\Utilities\Utilities\Utilities.h">
      <Filter>source\Utilities\Utilities</Filter>
    </ClInclude>
    <ClInclude Include="source\Weather\CDay.h">
      <Filter>source\Weather</Filter>
    </ClInclude>
    <ClInclude Include="source\Weather\CShadowEngine.h">
      <Filter>source\Weather</Filter>
    </ClInclude>
    <ClInclude Include="source\Weather\CTemperature.h">
      <Filter>source\Weather</Filter>
    </ClInclude>
    <ClInclude Include="source\Weather\CWeather.h">
      <Filter>source\Weather</Filter>
    </ClInclude>
    <ClInclude Include="source\Weather\CWind.h">
      <Filter>source\Weather</Filter>
    </ClInclude>
    <ClInclude Include="source\XML\RapidXML\rapidxml.hpp">
      <Filter>source\XML\RapidXML</Filter>
    </ClInclude>
    <ClInclude Include="source\XML\RapidXML\rapidxml_iterators.hpp">
      <Filter>source\XML\RapidXML</Filter>
    </ClInclude>
    <ClInclude Include="source\XML\RapidXML\rapidxml_print.hpp">
      <Filter>source\XML\RapidXML</Filter>
    </ClInclude>
    <ClInclude Include="source\XML\RapidXML\rapidxml_utils.hpp">
      <Filter>source\XML\RapidXML</Filter>
    </ClInclude>
    <ClInclude Include="source\XML\CXml.h">
      <Filter>source\XML</Filter>
    </ClInclude>
    <ClInclude Include="source\Game\Game.h">
      <Filter>source\Game</Filter>
    </ClInclude>
    <ClInclude Include="source\Game\GameProperties.h">
      <Filter>source\Game</Filter>
    </ClInclude>
    <ClInclude Include="source\Equipment\Energy\Energy.h">
      <Filter>source\Equipment\Energy</Filter>
    </ClInclude>
    <ClInclude Include="source\Equipment\Switch.h">
      <Filter>source\Equipment</Filter>
    </ClInclude>
    <ClInclude Include="source\Equipment\Energy\FixedColor.h">
      <Filter>source\Equipment\Energy</Filter>
    </ClInclude>
    <ClInclude Include="source\Equipment\Energy\Battery\Battery.h">
      <Filter>source\Equipment\Energy\Battery</Filter>
    </ClInclude>
    <ClInclude Include="source\Equipment\Energy\Battery\SolarBattery.h">
      <Filter>source\Equipment\Energy\Battery</Filter>
    </ClInclude>
    <ClInclude Include="source\Equipment\Energy\EnergyTank\EnergyTank.h">
      <Filter>source\Equipment\Energy\EnergyTank</Filter>
    </ClInclude>
    <ClInclude Include="source\Equipment\Engine\Engine.h">
      <Filter>source\Equipment\Engine</Filter>
    </ClInclude>
    <ClInclude Include="source\Equipment\Engine\FuelTank\FuelTank.h">
      <Filter>source\Equipment\Engine\FuelTank</Filter>
    </ClInclude>
    <ClInclude Include="source\Equipment\Engine\FuelBar\FuelBar.h">
      <Filter>source\Equipment\Engine\FuelBar</Filter>
    </ClInclude>
    <ClInclude Include="source\Equipment\EquipmentData\EquipmentData.h">
      <Filter>source\Equipment\EquipmentData</Filter>
    </ClInclude>
    <ClInclude Include="source\Equipment\EquipmentData\EquipmentAirconditioningData.h">
      <Filter>source\Equipment\EquipmentData</Filter>
    </ClInclude>
    <ClInclude Include="source\Equipment\EquipmentData\ThermalInsulationData.h">
      <Filter>source\Equipment\EquipmentData</Filter>
    </ClInclude>
    <ClInclude Include="source\Equipment\EquipmentData\EquipmentVentilatorData.h">
      <Filter>source\Equipment\EquipmentData</Filter>
    </ClInclude>
    <ClInclude Include="source\Equipment\EquipmentData\EquipmentAmmoData.h">
      <Filter>source\Equipment\EquipmentData</Filter>
    </ClInclude>
    <ClInclude Include="source\Equipment\EquipmentData\EquipmentBatteryData.h">
      <Filter>source\Equipment\EquipmentData</Filter>
    </ClInclude>
    <ClInclude Include="source\Equipment\EquipmentData\EquipmentCommunicationData.h">
      <Filter>source\Equipment\EquipmentData</Filter>
    </ClInclude>
    <ClInclude Include="source\Equipment\EquipmentData\EquipmentEnergyData.h">
      <Filter>source\Equipment\EquipmentData</Filter>
    </ClInclude>
    <ClInclude Include="source\Equipment\EquipmentData\EquipmentEnergyTankData.h">
      <Filter>source\Equipment\EquipmentData</Filter>
    </ClInclude>
    <ClInclude Include="source\Equipment\EquipmentData\EquipmentEngineData.h">
      <Filter>source\Equipment\EquipmentData</Filter>
    </ClInclude>
    <ClInclude Include="source\Equipment\EquipmentData\EquipmentFuelTankData.h">
      <Filter>source\Equipment\EquipmentData</Filter>
    </ClInclude>
    <ClInclude Include="source\Equipment\EquipmentData\EquipmentGunData.h">
      <Filter>source\Equipment\EquipmentData</Filter>
    </ClInclude>
    <ClInclude Include="source\Equipment\Industrial\PowerModule\PowerModule.h">
      <Filter>source\Equipment\Industrial\PowerModule</Filter>
    </ClInclude>
    <ClInclude Include="source\Equipment\Industrial\PowerModuleType\SolarCell.h">
      <Filter>source\Equipment\Industrial\PowerModuleType</Filter>
    </ClInclude>
    <ClInclude Include="source\Equipment\Industrial\PowerModuleType\WindTurbine.h">
      <Filter>source\Equipment\Industrial\PowerModuleType</Filter>
    </ClInclude>
    <ClInclude Include="source\Equipment\Industrial\PowerStationData\WindTurbineData.h">
      <Filter>source\Equipment\Industrial\PowerStationData</Filter>
    </ClInclude>
    <ClInclude Include="source\Equipment\Lightingequipment\LightingEquipment.h">
      <Filter>source\Equipment\Lightingequipment</Filter>
    </ClInclude>
    <ClInclude Include="source\Equipment\Thermodynamics\Airconditioning\Airconditioning.h">
      <Filter>source\Equipment\Thermodynamics\Airconditioning</Filter>
    </ClInclude>
    <ClInclude Include="source\Equipment\Thermodynamics\ThermalInsulation\ThermalInsulation.h">
      <Filter>source\Equipment\Thermodynamics\ThermalInsulation</Filter>
    </ClInclude>
    <ClInclude Include="source\Equipment\Thermodynamics\Ventilator\Ventilator.h">
      <Filter>source\Equipment\Thermodynamics\Ventilator</Filter>
    </ClInclude>
    <ClInclude Include="source\Equipment\Thermometer\Thermometer.h">
      <Filter>source\Equipment\Thermometer</Filter>
    </ClInclude>
    <ClInclude Include="source\Equipment\Weapon\Ammo\Ammo.h">
      <Filter>source\Equipment\Weapon\Ammo</Filter>
    </ClInclude>
    <ClInclude Include="source\Equipment\Weapon\Ammunition\MagazineAmmunition.h">
      <Filter>source\Equipment\Weapon\Ammunition</Filter>
    </ClInclude>
    <ClInclude Include="source\Equipment\Weapon\Caliber.h">
      <Filter>source\Equipment\Weapon</Filter>
    </ClInclude>
    <ClInclude Include="source\Equipment\Weapon\Gun\LockWeapon\LockWeapon.h">
      <Filter>source\Equipment\Weapon\Gun\LockWeapon</Filter>
    </ClInclude>
    <ClInclude Include="source\Equipment\Weapon\Gun\Gun.h">
      <Filter>source\Equipment\Weapon\Gun</Filter>
    </ClInclude>
    <ClInclude Include="source\Factory\EquipmentFactory\CommunicationFactory\CommunicationTemplate.h">
      <Filter>source\Factory\EquipmentFactory\CommunicationFactory</Filter>
    </ClInclude>
    <ClInclude Include="source\Factory\EquipmentFactory\EnergyFactory\BatteryFactory\BatteryTemplate.h">
      <Filter>source\Factory\EquipmentFactory\EnergyFactory\BatteryFactory</Filter>
    </ClInclude>
    <ClInclude Include="source\Factory\EquipmentFactory\EnergyFactory\BatteryFactory\SolarBatteryTemplate.h">
      <Filter>source\Factory\EquipmentFactory\EnergyFactory\BatteryFactory</Filter>
    </ClInclude>
    <ClInclude Include="source\Factory\EquipmentFactory\EnergyFactory\EnergyTankFactory\EnergyTankTemplate.h">
      <Filter>source\Factory\EquipmentFactory\EnergyFactory\EnergyTankFactory</Filter>
    </ClInclude>
    <ClInclude Include="source\Factory\EquipmentFactory\EnergyFactory\EnergyTemplate.h">
      <Filter>source\Factory\EquipmentFactory\EnergyFactory</Filter>
    </ClInclude>
    <ClInclude Include="source\Factory\EquipmentFactory\EngineFactory\FuelBarFactory\FuelBarTemplate.h">
      <Filter>source\Factory\EquipmentFactory\EngineFactory\FuelBarFactory</Filter>
    </ClInclude>
    <ClInclude Include="source\Factory\EquipmentFactory\EngineFactory\FuelTankFactory\FuelTankTemplate.h">
      <Filter>source\Factory\EquipmentFactory\EngineFactory\FuelTankFactory</Filter>
    </ClInclude>
    <ClInclude Include="source\Factory\EquipmentFactory\EngineFactory\EngineTemplate.h">
      <Filter>source\Factory\EquipmentFactory\EngineFactory</Filter>
    </ClInclude>
    <ClInclude Include="source\Factory\EquipmentFactory\IndustrialFactory\PowerModuleFactory\SolarCellTemplate.h">
      <Filter>source\Factory\EquipmentFactory\IndustrialFactory\PowerModuleFactory</Filter>
    </ClInclude>
    <ClInclude Include="source\Factory\EquipmentFactory\IndustrialFactory\PowerModuleFactory\WindTurbineTemplate.h">
      <Filter>source\Factory\EquipmentFactory\IndustrialFactory\PowerModuleFactory</Filter>
    </ClInclude>
    <ClInclude Include="source\Factory\EquipmentFactory\ThermodynamicsFactory\AirconditioningFactory\AirconditioningTemplate.h">
      <Filter>source\Factory\EquipmentFactory\ThermodynamicsFactory\AirconditioningFactory</Filter>
    </ClInclude>
    <ClInclude Include="source\Factory\EquipmentFactory\ThermodynamicsFactory\ThermalInsulationFactory\ThermalInsulationTemplate.h">
      <Filter>source\Factory\EquipmentFactory\ThermodynamicsFactory\ThermalInsulationFactory</Filter>
    </ClInclude>
    <ClInclude Include="source\Factory\EquipmentFactory\ThermodynamicsFactory\VentilatorFactory\VentilatorTemplate.h">
      <Filter>source\Factory\EquipmentFactory\ThermodynamicsFactory\VentilatorFactory</Filter>
    </ClInclude>
    <ClInclude Include="source\Factory\EquipmentFactory\WeaponFactory\AmmoFactory\AmmoTemplate.h">
      <Filter>source\Factory\EquipmentFactory\WeaponFactory\AmmoFactory</Filter>
    </ClInclude>
    <ClInclude Include="source\Factory\EquipmentFactory\WeaponFactory\GunFactory\GunTemplate.h">
      <Filter>source\Factory\EquipmentFactory\WeaponFactory\GunFactory</Filter>
    </ClInclude>
    <ClInclude Include="source\Factory\EquipmentFactory\WeaponFactory\AmmunitionFactory\MagazineAmmunitionTemplate.h">
      <Filter>source\Factory\EquipmentFactory\WeaponFactory\AmmunitionFactory</Filter>
    </ClInclude>
    <ClInclude Include="source\Factory\IndustrialFactory\PowerStationFactory\PowerRelayFactory\PowerRelayStationTemplate.h">
      <Filter>source\Factory\IndustrialFactory\PowerStationFactory\PowerRelayFactory</Filter>
    </ClInclude>
    <ClInclude Include="source\Factory\IndustrialFactory\PowerStationFactory\PowerRelayFactory\RelayStationTemplate.h">
      <Filter>source\Factory\IndustrialFactory\PowerStationFactory\PowerRelayFactory</Filter>
    </ClInclude>
    <ClInclude Include="source\Factory\IndustrialFactory\PowerStationFactory\PowerRelayFactory\SlotsRateTemplate.h">
      <Filter>source\Factory\IndustrialFactory\PowerStationFactory\PowerRelayFactory</Filter>
    </ClInclude>
    <ClInclude Include="source\Factory\IndustrialFactory\PowerStationFactory\PowerStationTemplate.h">
      <Filter>source\Factory\IndustrialFactory\PowerStationFactory</Filter>
    </ClInclude>
    <ClInclude Include="source\Factory\IndustrialFactory\PowerStationFactory\WindPowerStationMultipledTemplate.h">
      <Filter>source\Factory\IndustrialFactory\PowerStationFactory</Filter>
    </ClInclude>
    <ClInclude Include="source\Factory\IndustrialFactory\PowerStationFactory\WindPowerStationTemplate.h">
      <Filter>source\Factory\IndustrialFactory\PowerStationFactory</Filter>
    </ClInclude>
    <ClInclude Include="source\Factory\InformationFactory\InformationTemplate.h">
      <Filter>source\Factory\InformationFactory</Filter>
    </ClInclude>
    <ClInclude Include="source\Factory\InformationFactory\PresentationTemplate.h">
      <Filter>source\Factory\InformationFactory</Filter>
    </ClInclude>
    <ClInclude Include="source\Factory\MapPhysicalFactory\GroundTemplate.h">
      <Filter>source\Factory\MapPhysicalFactory</Filter>
    </ClInclude>
    <ClInclude Include="source\Factory\MapPhysicalFactory\GroundWorkTemplate.h">
      <Filter>source\Factory\MapPhysicalFactory</Filter>
    </ClInclude>
    <ClInclude Include="source\Factory\MapPhysicalFactory\MapPhysicalTemplate.h">
      <Filter>source\Factory\MapPhysicalFactory</Filter>
    </ClInclude>
    <ClInclude Include="source\Factory\ActorTemplate.h">
      <Filter>source\Factory</Filter>
    </ClInclude>
    <ClInclude Include="source\Factory\BulletTemplate.h">
      <Filter>source\Factory</Filter>
    </ClInclude>
    <ClInclude Include="source\Factory\EnemyTemplate.h">
      <Filter>source\Factory</Filter>
    </ClInclude>
    <ClInclude Include="source\Factory\FloraTemplate.h">
      <Filter>source\Factory</Filter>
    </ClInclude>
    <ClInclude Include="source\Factory\MonsterTemplate.h">
      <Filter>source\Factory</Filter>
    </ClInclude>
    <ClInclude Include="source\Factory\PhysicalInfoTemplate.h">
      <Filter>source\Factory</Filter>
    </ClInclude>
    <ClInclude Include="source\Factory\PhysicalTemplate.h">
      <Filter>source\Factory</Filter>
    </ClInclude>
    <ClInclude Include="source\Factory\PlayerTemplate.h">
      <Filter>source\Factory</Filter>
    </ClInclude>
    <ClInclude Include="source\Factory\RobotTemplate.h">
      <Filter>source\Factory</Filter>
    </ClInclude>
    <ClInclude Include="source\Information\InfoManager.h">
      <Filter>source\Information</Filter>
    </ClInclude>
    <ClInclude Include="source\Information\BaseInformation.h">
      <Filter>source\Information</Filter>
    </ClInclude>
    <ClInclude Include="source\Information\Information.h">
      <Filter>source\Information</Filter>
    </ClInclude>
    <ClInclude Include="source\Information\Presentation.h">
      <Filter>source\Information</Filter>
    </ClInclude>
    <ClInclude Include="source\Logic\Actor\ActorStateData\ActorStateData.h">
      <Filter>source\Logic\Actor\ActorStateData</Filter>
    </ClInclude>
    <ClInclude Include="source\Logic\Actor\ActorController.h">
      <Filter>source\Logic\Actor</Filter>
    </ClInclude>
    <ClInclude Include="source\Logic\Actor\Actor.h">
      <Filter>source\Logic\Actor</Filter>
    </ClInclude>
    <ClInclude Include="source\Logic\ArtificialIntelligence\ActorAI.h">
      <Filter>source\Logic\ArtificialIntelligence</Filter>
    </ClInclude>
    <ClInclude Include="source\Logic\ArtificialIntelligence\ActorAIData.h">
      <Filter>source\Logic\ArtificialIntelligence</Filter>
    </ClInclude>
    <ClInclude Include="source\Logic\Bullet\Bullet.h">
      <Filter>source\Logic\Bullet</Filter>
    </ClInclude>
    <ClInclude Include="source\Logic\Communication\Communication.h">
      <Filter>source\Logic\Communication</Filter>
    </ClInclude>
    <ClInclude Include="source\Logic\Communication\Login.h">
      <Filter>source\Logic\Communication</Filter>
    </ClInclude>
    <ClInclude Include="source\Logic\Communication\Receiver.h">
      <Filter>source\Logic\Communication</Filter>
    </ClInclude>
    <ClInclude Include="source\Logic\Communication\Transmitter.h">
      <Filter>source\Logic\Communication</Filter>
    </ClInclude>
    <ClInclude Include="source\Logic\Enemy\Enemy.h">
      <Filter>source\Logic\Enemy</Filter>
    </ClInclude>
    <ClInclude Include="source\Logic\Energetics\PowerRelay\PowerRelayStation.h">
      <Filter>source\Logic\Energetics\PowerRelay</Filter>
    </ClInclude>
    <ClInclude Include="source\Logic\Energetics\PowerRelay\RelayStation.h">
      <Filter>source\Logic\Energetics\PowerRelay</Filter>
    </ClInclude>
    <ClInclude Include="source\Logic\Energetics\PowerRelay\SlotsRate.h">
      <Filter>source\Logic\Energetics\PowerRelay</Filter>
    </ClInclude>
    <ClInclude Include="source\Logic\Energetics\RelayStationData\SlotsRateData.h">
      <Filter>source\Logic\Energetics\RelayStationData</Filter>
    </ClInclude>
    <ClInclude Include="source\Logic\Flora\Flora.h">
      <Filter>source\Logic\Flora</Filter>
    </ClInclude>
    <ClInclude Include="source\Logic\Industrial\PowerStation\CoalPowerPlant\CoalPowerPlant.h">
      <Filter>source\Logic\Industrial\PowerStation\CoalPowerPlant</Filter>
    </ClInclude>
    <ClInclude Include="source\Logic\Industrial\PowerStation\Hydroelectric\Hydroelectric.h">
      <Filter>source\Logic\Industrial\PowerStation\Hydroelectric</Filter>
    </ClInclude>
    <ClInclude Include="source\Logic\Industrial\PowerStation\NuclearPowerPlant\NuclearPowerPlant.h">
      <Filter>source\Logic\Industrial\PowerStation\NuclearPowerPlant</Filter>
    </ClInclude>
    <ClInclude Include="source\Logic\Industrial\PowerStation\SolarPowerStation\SolarPowerStation.h">
      <Filter>source\Logic\Industrial\PowerStation\SolarPowerStation</Filter>
    </ClInclude>
    <ClInclude Include="source\Logic\Industrial\PowerStation\SuppliedDieselPower\SuppliedDieselPower.h">
      <Filter>source\Logic\Industrial\PowerStation\SuppliedDieselPower</Filter>
    </ClInclude>
    <ClInclude Include="source\Logic\Industrial\PowerStation\WindPowerStation\WindPowerStation.h">
      <Filter>source\Logic\Industrial\PowerStation\WindPowerStation</Filter>
    </ClInclude>
    <ClInclude Include="source\Logic\Industrial\PowerStation\WindPowerStation\WindPowerStationMultipled.h">
      <Filter>source\Logic\Industrial\PowerStation\WindPowerStation</Filter>
    </ClInclude>
    <ClInclude Include="source\Logic\Industrial\PowerStation\PowerStation.h">
      <Filter>source\Logic\Industrial\PowerStation</Filter>
    </ClInclude>
    <ClInclude Include="source\Logic\Monster\Monster.h">
      <Filter>source\Logic\Monster</Filter>
    </ClInclude>
    <ClInclude Include="source\Logic\Physical\PartCollisionData\PartCollisionData.h">
      <Filter>source\Logic\Physical\PartCollisionData</Filter>
    </ClInclude>
    <ClInclude Include="source\Logic\Physical\PhysicalData\PhysicalData.h">
      <Filter>source\Logic\Physical\PhysicalData</Filter>
    </ClInclude>
    <ClInclude Include="source\Logic\Physical\PhysicalInfo\PhysicalInfo.h">
      <Filter>source\Logic\Physical\PhysicalInfo</Filter>
    </ClInclude>
    <ClInclude Include="source\Logic\Physical\Physical.h">
      <Filter>source\Logic\Physical</Filter>
    </ClInclude>
    <ClInclude Include="source\Logic\Physics\ActorTechnicalData.h">
      <Filter>source\Logic\Physics</Filter>
    </ClInclude>
    <ClInclude Include="source\Logic\Physics\PhysicsData.h">
      <Filter>source\Logic\Physics</Filter>
    </ClInclude>
    <ClInclude Include="source\Logic\Player\Player.h">
      <Filter>source\Logic\Player</Filter>
    </ClInclude>
    <ClInclude Include="source\Logic\Unit\CombatUnit\CombatUnit.h">
      <Filter>source\Logic\Unit\CombatUnit</Filter>
    </ClInclude>
    <ClInclude Include="source\Logic\Unit\CombatUnit\Robot\Robot.h">
      <Filter>source\Logic\Unit\CombatUnit\Robot</Filter>
    </ClInclude>
    <ClInclude Include="source\Logic\Unit\StrategyController.h">
      <Filter>source\Logic\Unit</Filter>
    </ClInclude>
    <ClInclude Include="source\Logic\Unit\StrategyDuration.h">
      <Filter>source\Logic\Unit</Filter>
    </ClInclude>
    <ClInclude Include="source\Logic\Unit\Unit.h">
      <Filter>source\Logic\Unit</Filter>
    </ClInclude>
    <ClInclude Include="source\Logic\Logic.h">
      <Filter>source\Logic</Filter>
    </ClInclude>
    <ClInclude Include="source\Logic\MapPhysicalManager.h">
      <Filter>source\Logic</Filter>
    </ClInclude>
    <ClInclude Include="source\Logic\PhysicalManager.h">
      <Filter>source\Logic</Filter>
    </ClInclude>
    <ClInclude Include="source\Map\Ground\PhysicsGround\PhysicsGround.h">
      <Filter>source\Map\Ground\PhysicsGround</Filter>
    </ClInclude>
    <ClInclude Include="source\Map\Ground\Ground.h">
      <Filter>source\Map\Ground</Filter>
    </ClInclude>
    <ClInclude Include="source\Map\MapPhysical\GroundWork\GroundWork.h">
      <Filter>source\Map\MapPhysical\GroundWork</Filter>
    </ClInclude>
    <ClInclude Include="source\Map\MapPhysical\GroundWork\GroundWorkCollision.h">
      <Filter>source\Map\MapPhysical\GroundWork</Filter>
    </ClInclude>
    <ClInclude Include="source\Map\MapPhysical\MapPhysical.h">
      <Filter>source\Map\MapPhysical</Filter>
    </ClInclude>
    <ClInclude Include="source\Map\MapPhysical\MapPhysicalDescriptor.h">
      <Filter>source\Map\MapPhysical</Filter>
    </ClInclude>
    <ClInclude Include="source\Map\MapPhysical\MapPhysicalType.h">
      <Filter>source\Map\MapPhysical</Filter>
    </ClInclude>
    <ClInclude Include="source\Map\MapPhysicalObject\MapObjectDescriptor.h">
      <Filter>source\Map\MapPhysicalObject</Filter>
    </ClInclude>
    <ClInclude Include="source\Map\MapPhysicalObject\MapObjectType.h">
      <Filter>source\Map\MapPhysicalObject</Filter>
    </ClInclude>
    <ClInclude Include="source\Map\SceneManager\Quadtree.h">
      <Filter>source\Map\SceneManager</Filter>
    </ClInclude>
    <ClInclude Include="source\Map\SearchTools\Waypoint.h">
      <Filter>source\Map\SearchTools</Filter>
    </ClInclude>
    <ClInclude Include="source\Map\SearchTools\WaypointCell.h">
      <Filter>source\Map\SearchTools</Filter>
    </ClInclude>
    <ClInclude Include="source\Map\SearchTools\WaypointPriorityQueue.h">
      <Filter>source\Map\SearchTools</Filter>
    </ClInclude>
    <ClInclude Include="source\Map\Tile\MapTileType.h">
      <Filter>source\Map\Tile</Filter>
    </ClInclude>
    <ClInclude Include="source\Map\Tile\Tile.h">
      <Filter>source\Map\Tile</Filter>
    </ClInclude>
    <ClInclude Include="source\Map\Cell.h">
      <Filter>source\Map</Filter>
    </ClInclude>
    <ClInclude Include="source\Map\CollisionMap.h">
      <Filter>source\Map</Filter>
    </ClInclude>
    <ClInclude Include="source\Map\DoodahDescriptor.h">
      <Filter>source\Map</Filter>
    </ClInclude>
    <ClInclude Include="source\Map\DynamicRegion.h">
      <Filter>source\Map</Filter>
    </ClInclude>
    <ClInclude Include="source\Map\DynamicRegionsGenerator.h">
      <Filter>source\Map</Filter>
    </ClInclude>
    <ClInclude Include="source\Map\MapPhysicalHeader.h">
      <Filter>source\Map</Filter>
    </ClInclude>
    <ClInclude Include="source\Map\MapManager.h">
      <Filter>source\Map</Filter>
    </ClInclude>
    <ClInclude Include="source\Map\Map.h">
      <Filter>source\Map</Filter>
    </ClInclude>
    <ClInclude Include="source\Rendering\Animated\Animated.h">
      <Filter>source\Rendering\Animated</Filter>
    </ClInclude>
    <ClInclude Include="source\Rendering\Animated\AnimatedAnimation.h">
      <Filter>source\Rendering\Animated</Filter>
    </ClInclude>
    <ClInclude Include="source\Rendering\Displayable\Texture.h">
      <Filter>source\Rendering\Displayable</Filter>
    </ClInclude>
    <ClInclude Include="source\Rendering\Animated\AnimatedFrame.h">
      <Filter>source\Rendering\Animated</Filter>
    </ClInclude>
    <ClInclude Include="source\Rendering\Animations\Animation.h">
      <Filter>source\Rendering\Animations</Filter>
    </ClInclude>
    <ClInclude Include="source\Rendering\Animations\AnimationFrame.h">
      <Filter>source\Rendering\Animations</Filter>
    </ClInclude>
    <ClInclude Include="source\Rendering\Animations\AnimationManager.h">
      <Filter>source\Rendering\Animations</Filter>
    </ClInclude>
    <ClInclude Include="source\Rendering\Animations\AnimationState.h">
      <Filter>source\Rendering\Animations</Filter>
    </ClInclude>
    <ClInclude Include="source\Rendering\Animations\AnimSet.h">
      <Filter>source\Rendering\Animations</Filter>
    </ClInclude>
    <ClInclude Include="source\Rendering\Animations\NameAnimPairTranslator.h">
      <Filter>source\Rendering\Animations</Filter>
    </ClInclude>
    <ClInclude Include="source\Rendering\Animations\TimedAnimationFrame.h">
      <Filter>source\Rendering\Animations</Filter>
    </ClInclude>
    <ClInclude Include="source\Rendering\Displayable\Bar.h">
      <Filter>source\Rendering\Displayable</Filter>
    </ClInclude>
    <ClInclude Include="source\Rendering\Displayable\ClippedSprite.h">
      <Filter>source\Rendering\Displayable</Filter>
    </ClInclude>
    <ClInclude Include="source\Rendering\Displayable\HudSprite.h">
      <Filter>source\Rendering\Displayable</Filter>
    </ClInclude>
    <ClInclude Include="source\Rendering\Displayable\HudStaticText.h">
      <Filter>source\Rendering\Displayable</Filter>
    </ClInclude>
    <ClInclude Include="source\Rendering\Displayable\TextHeadUpDisplay.h">
      <Filter>source\Rendering\Displayable</Filter>
    </ClInclude>
    <ClInclude Include="source\Rendering\Displayable\Rectangle.h">
      <Filter>source\Rendering\Displayable</Filter>
    </ClInclude>
    <ClInclude Include="source\Rendering\Displayable\Sprite.h">
      <Filter>source\Rendering\Displayable</Filter>
    </ClInclude>
    <ClInclude Include="source\Rendering\Displayable\Displayable.h">
      <Filter>source\Rendering\Displayable</Filter>
    </ClInclude>
    <ClInclude Include="source\Rendering\Drawable\Drawable.h">
      <Filter>source\Rendering\Drawable</Filter>
    </ClInclude>
    <ClInclude Include="source\Rendering\Drawable\DrawableManager.h">
      <Filter>source\Rendering\Drawable</Filter>
    </ClInclude>
  </ItemGroup>
</Project>